[[package]]
category = "main"
description = "Async http client/server framework (asyncio)"
name = "aiohttp"
optional = false
python-versions = ">=3.5.3"
version = "3.5.4"

[package.dependencies]
async-timeout = ">=3.0,<4.0"
attrs = ">=17.3.0"
chardet = ">=2.0,<4.0"
multidict = ">=4.0,<5.0"
yarl = ">=1.0,<2.0"

[[package]]
category = "dev"
description = "asyncio (PEP 3156) Redis support"
name = "aioredis"
optional = false
python-versions = "*"
version = "1.2.0"

[package.dependencies]
async-timeout = "*"
hiredis = "*"

[[package]]
category = "main"
description = "A library for parsing ISO 8601 strings."
name = "aniso8601"
optional = false
python-versions = "*"
version = "6.0.0"

[[package]]
category = "dev"
description = "A small Python module for determining appropriate platform-specific dirs, e.g. a \"user data dir\"."
name = "appdirs"
optional = false
python-versions = "*"
version = "1.4.3"

[[package]]
category = "main"
description = "ASGI specs, helper code, and adapters"
name = "asgiref"
optional = false
python-versions = "*"
version = "3.1.4"

[[package]]
category = "main"
description = "Fast ASN.1 parser and serializer with definitions for private keys, public keys, certificates, CRL, OCSP, CMS, PKCS#3, PKCS#7, PKCS#8, PKCS#12, PKCS#5, X.509 and TSP"
name = "asn1crypto"
optional = false
python-versions = "*"
version = "0.24.0"

[[package]]
category = "dev"
description = "A few extensions to pyyaml."
name = "aspy.yaml"
optional = false
python-versions = ">=2.7, !=3.0.*, !=3.1.*, !=3.2.*, !=3.3.*"
version = "1.3.0"

[package.dependencies]
pyyaml = "*"

[[package]]
category = "dev"
description = "An abstract syntax tree for Python with inference support."
name = "astroid"
optional = false
python-versions = ">=3.4.*"
version = "2.2.5"

[package.dependencies]
lazy-object-proxy = "*"
six = "*"
typed-ast = ">=1.3.0"
wrapt = "*"

[[package]]
category = "main"
description = "Timeout context manager for asyncio programs"
name = "async-timeout"
optional = false
python-versions = ">=3.5.3"
version = "3.0.1"

[[package]]
category = "dev"
description = "Atomic file writes."
name = "atomicwrites"
optional = false
python-versions = ">=2.7, !=3.0.*, !=3.1.*, !=3.2.*, !=3.3.*"
version = "1.3.0"

[[package]]
category = "main"
description = "Classes Without Boilerplate"
name = "attrs"
optional = false
python-versions = ">=2.7, !=3.0.*, !=3.1.*, !=3.2.*, !=3.3.*"
version = "19.1.0"

[[package]]
category = "main"
description = "WebSocket client & server library, WAMP real-time framework"
name = "autobahn"
optional = false
python-versions = "*"
version = "19.7.1"

[package.dependencies]
cryptography = ">=2.7"
six = ">=1.11.0"
txaio = ">=18.8.1"

[[package]]
category = "main"
description = "Self-service finite-state machines for the programmer on the go."
name = "automat"
optional = false
python-versions = "*"
version = "0.7.0"

[package.dependencies]
attrs = ">=16.1.0"
six = "*"

[[package]]
category = "dev"
description = "The uncompromising code formatter."
name = "black"
optional = false
python-versions = ">=3.6"
version = "19.3b0"

[package.dependencies]
appdirs = "*"
attrs = ">=18.1.0"
click = ">=6.5"
toml = ">=0.9.4"

[[package]]
category = "main"
description = "Foreign Function Interface for Python calling C code."
name = "cffi"
optional = false
python-versions = "*"
version = "1.12.3"

[package.dependencies]
pycparser = "*"

[[package]]
category = "dev"
description = "Validate configuration and produce human readable error messages."
name = "cfgv"
optional = false
python-versions = ">=2.7, !=3.0.*, !=3.1.*, !=3.2.*, !=3.3.*"
version = "2.0.1"

[package.dependencies]
six = "*"

[[package]]
category = "main"
description = "Brings async, event-driven capabilities to Django. Django 1.11 and up only."
name = "channels"
optional = false
python-versions = ">=3.5"
version = "2.2.0"

[package.dependencies]
Django = ">=1.11"
asgiref = ">=3.0,<4.0"
daphne = ">=2.3,<3.0"

[[package]]
category = "dev"
description = "Redis-backed ASGI channel layer implementation"
name = "channels-redis"
optional = false
python-versions = ">=3.6"
version = "2.4.0"

[package.dependencies]
aioredis = ">=1.0,<2.0"
asgiref = ">=3.0,<4.0"
channels = ">=2.2,<3.0"
msgpack = ">=0.6.0,<0.7.0"

[[package]]
category = "main"
description = "Universal encoding detector for Python 2 and 3"
name = "chardet"
optional = false
python-versions = "*"
version = "3.0.4"

[[package]]
category = "dev"
description = "Composable command line interface toolkit"
name = "click"
optional = false
python-versions = ">=2.7, !=3.0.*, !=3.1.*, !=3.2.*, !=3.3.*"
version = "7.0"

[[package]]
category = "dev"
description = "Cross-platform colored terminal text."
marker = "sys_platform == \"win32\""
name = "colorama"
optional = false
python-versions = ">=2.7, !=3.0.*, !=3.1.*, !=3.2.*, !=3.3.*"
version = "0.4.1"

[[package]]
category = "main"
description = "Symbolic constants in Python"
name = "constantly"
optional = false
python-versions = "*"
version = "15.1.0"

[[package]]
category = "dev"
description = "Code coverage measurement for Python"
name = "coverage"
optional = false
python-versions = ">=2.6, !=3.0.*, !=3.1.*, !=3.2.*, <4"
version = "4.5.3"

[[package]]
category = "main"
description = "cryptography is a package which provides cryptographic recipes and primitives to Python developers."
name = "cryptography"
optional = false
python-versions = ">=2.7,!=3.0.*,!=3.1.*,!=3.2.*,!=3.3.*"
version = "2.7"

[package.dependencies]
asn1crypto = ">=0.21.0"
cffi = ">=1.8,<1.11.3 || >1.11.3"
six = ">=1.4.1"

[[package]]
category = "main"
description = "Django ASGI (HTTP/WebSocket) server"
name = "daphne"
optional = false
python-versions = "*"
version = "2.3.0"

[package.dependencies]
asgiref = ">=3.0,<4.0"
autobahn = ">=0.18"
twisted = ">=18.7"

[[package]]
category = "main"
description = "A high-level Python Web framework that encourages rapid development and clean, pragmatic design."
name = "django"
optional = false
python-versions = ">=3.5"
version = "2.2.3"

[package.dependencies]
pytz = "*"
sqlparse = "*"

[[package]]
category = "main"
description = "GraphQL Framework for Python"
name = "graphene"
optional = false
python-versions = "*"
version = "2.1.7"

[package.dependencies]
aniso8601 = ">=3,<=6"
graphql-core = ">=2.1,<3"
graphql-relay = ">=2,<3"
six = ">=1.10.0,<2"

[[package]]
category = "main"
description = "Graphene Django integration"
name = "graphene-django"
optional = false
python-versions = "*"
version = "2.4.0"

[package.dependencies]
Django = ">=1.11"
graphene = ">=2.1.3,<3"
graphql-core = ">=2.1.0,<3"
promise = ">=2.1"
singledispatch = ">=3.4.0.3"
six = ">=1.10.0"

[[package]]
category = "main"
description = "GraphQL implementation for Python"
name = "graphql-core"
optional = false
python-versions = "*"
version = "2.2.1"

[package.dependencies]
promise = ">=2.1"
rx = ">=1.6,<3"
six = ">=1.10.0"

[[package]]
category = "main"
description = "Relay implementation for Python"
name = "graphql-relay"
optional = false
python-versions = "*"
version = "2.0.0"

[package.dependencies]
graphql-core = ">=2.2,<3"
promise = ">=2.2,<3"
six = ">=1.12"

[[package]]
category = "dev"
description = "Python wrapper for hiredis"
name = "hiredis"
optional = false
python-versions = ">=2.7, !=3.0.*, !=3.1.*, !=3.2.*, !=3.3.*"
version = "1.0.0"

[[package]]
category = "main"
description = "A featureful, immutable, and correct URL for Python."
name = "hyperlink"
optional = false
python-versions = "*"
version = "19.0.0"

[package.dependencies]
idna = ">=2.5"

[[package]]
category = "dev"
description = "File identification library for Python"
name = "identify"
optional = false
python-versions = ">=2.7, !=3.0.*, !=3.1.*, !=3.2.*, !=3.3.*"
version = "1.4.5"

[[package]]
category = "main"
description = "Internationalized Domain Names in Applications (IDNA)"
name = "idna"
optional = false
python-versions = ">=2.7, !=3.0.*, !=3.1.*, !=3.2.*, !=3.3.*"
version = "2.8"

[[package]]
category = "dev"
description = "Read metadata from Python packages"
name = "importlib-metadata"
optional = false
python-versions = ">=2.7,!=3.0,!=3.1,!=3.2,!=3.3"
version = "0.18"

[package.dependencies]
zipp = ">=0.5"

[[package]]
category = "main"
description = ""
name = "incremental"
optional = false
python-versions = "*"
version = "17.5.0"

[[package]]
category = "dev"
description = "A Python utility / library to sort Python imports."
name = "isort"
optional = false
python-versions = ">=2.7, !=3.0.*, !=3.1.*, !=3.2.*, !=3.3.*"
version = "4.3.21"

[[package]]
category = "dev"
description = "A fast and thorough lazy object proxy."
name = "lazy-object-proxy"
optional = false
python-versions = ">=2.7, !=3.0.*, !=3.1.*, !=3.2.*, !=3.3.*"
version = "1.4.1"

[[package]]
category = "dev"
description = "McCabe checker, plugin for flake8"
name = "mccabe"
optional = false
python-versions = "*"
version = "0.6.1"

[[package]]
category = "dev"
description = "More routines for operating on iterables, beyond itertools"
marker = "python_version > \"2.7\""
name = "more-itertools"
optional = false
python-versions = ">=3.4"
version = "7.2.0"

[[package]]
category = "main"
description = "MessagePack (de)serializer."
name = "msgpack"
optional = false
python-versions = "*"
version = "0.6.1"

[[package]]
category = "main"
description = "multidict implementation"
name = "multidict"
optional = false
python-versions = ">=3.4.1"
version = "4.5.2"

[[package]]
category = "dev"
description = "Node.js virtual environment builder"
name = "nodeenv"
optional = false
python-versions = "*"
version = "1.3.3"

[[package]]
category = "dev"
description = "Core utilities for Python packages"
name = "packaging"
optional = false
python-versions = ">=2.7, !=3.0.*, !=3.1.*, !=3.2.*, !=3.3.*"
version = "19.0"

[package.dependencies]
pyparsing = ">=2.0.2"
six = "*"

[[package]]
category = "dev"
description = "plugin and hook calling mechanisms for python"
name = "pluggy"
optional = false
python-versions = ">=2.7, !=3.0.*, !=3.1.*, !=3.2.*, !=3.3.*"
version = "0.12.0"

[package.dependencies]
importlib-metadata = ">=0.12"

[[package]]
category = "dev"
description = "A framework for managing and maintaining multi-language pre-commit hooks."
name = "pre-commit"
optional = false
python-versions = ">=2.7, !=3.0.*, !=3.1.*, !=3.2.*, !=3.3.*"
version = "1.17.0"

[package.dependencies]
"aspy.yaml" = "*"
cfgv = ">=2.0.0"
identify = ">=1.0.0"
importlib-metadata = "*"
nodeenv = ">=0.11.1"
pyyaml = "*"
six = "*"
toml = "*"
virtualenv = ">=15.2"

[[package]]
category = "main"
description = "Promises/A+ implementation for Python"
name = "promise"
optional = false
python-versions = "*"
version = "2.2.1"

[package.dependencies]
six = "*"

[[package]]
category = "dev"
description = "library with cross-python path, ini-parsing, io, code, log facilities"
name = "py"
optional = false
python-versions = ">=2.7, !=3.0.*, !=3.1.*, !=3.2.*, !=3.3.*"
version = "1.8.0"

[[package]]
category = "main"
description = "C parser in Python"
name = "pycparser"
optional = false
python-versions = ">=2.7, !=3.0.*, !=3.1.*, !=3.2.*, !=3.3.*"
version = "2.19"

[[package]]
category = "main"
description = "Hamcrest framework for matcher objects"
name = "pyhamcrest"
optional = false
python-versions = "*"
version = "1.9.0"

[package.dependencies]
setuptools = "*"
six = "*"

[[package]]
category = "dev"
description = "python code static checker"
name = "pylint"
optional = false
python-versions = ">=3.4.*"
version = "2.3.1"

[package.dependencies]
astroid = ">=2.2.0,<3"
colorama = "*"
isort = ">=4.2.5,<5"
mccabe = ">=0.6,<0.7"

[[package]]
category = "dev"
description = "A Pylint plugin to help Pylint understand the Django web framework"
name = "pylint-django"
optional = false
python-versions = "*"
version = "2.0.11"

[package.dependencies]
pylint = ">=2.0"
pylint-plugin-utils = ">=0.5"

[[package]]
category = "dev"
description = "Utilities and helpers for writing Pylint plugins"
name = "pylint-plugin-utils"
optional = false
python-versions = "*"
version = "0.5"

[package.dependencies]
pylint = "*"

[[package]]
category = "dev"
description = "Quote consistency checker for PyLint.."
name = "pylint-quotes"
optional = false
python-versions = ">=3.4"
version = "0.2.1"

[package.dependencies]
pylint = ">=1.7.6"

[[package]]
category = "dev"
description = "Python parsing module"
name = "pyparsing"
optional = false
python-versions = "*"
version = "2.4.1"

[[package]]
category = "dev"
description = "pytest: simple powerful testing with Python"
name = "pytest"
optional = false
python-versions = ">=2.7, !=3.0.*, !=3.1.*, !=3.2.*, !=3.3.*"
version = "4.6.4"

[package.dependencies]
atomicwrites = ">=1.0"
attrs = ">=17.4.0"
colorama = "*"
importlib-metadata = ">=0.12"
packaging = "*"
pluggy = ">=0.12,<1.0"
py = ">=1.5.0"
six = ">=1.10.0"
wcwidth = "*"

[package.dependencies.more-itertools]
python = ">=2.8"
version = ">=4.0.0"

[[package]]
category = "dev"
description = "Pytest support for asyncio."
name = "pytest-asyncio"
optional = false
python-versions = ">= 3.5"
version = "0.10.0"

[package.dependencies]
pytest = ">=3.0.6"

[[package]]
category = "dev"
description = "Pytest plugin for measuring coverage."
name = "pytest-cov"
optional = false
python-versions = ">=2.7, !=3.0.*, !=3.1.*, !=3.2.*, !=3.3.*"
version = "2.7.1"

[package.dependencies]
coverage = ">=4.4"
pytest = ">=3.6"

[[package]]
category = "dev"
description = "A Django plugin for pytest."
name = "pytest-django"
optional = false
python-versions = ">=2.7, !=3.0.*, !=3.1.*, !=3.2.*, !=3.3.*"
version = "3.4.8"

[package.dependencies]
pytest = ">=3.6"

[[package]]
category = "dev"
description = "pytest plugin for adding to the PYTHONPATH from command line or configs."
name = "pytest-pythonpath"
optional = false
python-versions = "*"
version = "0.7.3"

[package.dependencies]
pytest = ">=2.5.2"

[[package]]
category = "main"
description = "World timezone definitions, modern and historical"
name = "pytz"
optional = false
python-versions = "*"
version = "2019.1"

[[package]]
category = "dev"
description = "YAML parser and emitter for Python"
name = "pyyaml"
optional = false
python-versions = ">=2.7, !=3.0.*, !=3.1.*, !=3.2.*, !=3.3.*"
version = "5.1.1"

[[package]]
category = "main"
description = "Reactive Extensions (Rx) for Python"
name = "rx"
optional = false
python-versions = "*"
version = "1.6.1"

[[package]]
category = "main"
description = "This library brings functools.singledispatch from Python 3.4 to Python 2.6-3.3."
name = "singledispatch"
optional = false
python-versions = "*"
version = "3.4.0.3"

[package.dependencies]
six = "*"

[[package]]
category = "main"
description = "Python 2 and 3 compatibility utilities"
name = "six"
optional = false
python-versions = ">=2.6, !=3.0.*, !=3.1.*"
version = "1.12.0"

[[package]]
category = "main"
description = "Non-validating SQL parser"
name = "sqlparse"
optional = false
python-versions = ">=2.7, !=3.0.*, !=3.1.*, !=3.2.*, !=3.3.*"
version = "0.3.0"

[[package]]
category = "dev"
description = "Python Library for Tom's Obvious, Minimal Language"
name = "toml"
optional = false
python-versions = "*"
version = "0.10.0"

[[package]]
category = "main"
description = "An asynchronous networking framework written in Python"
name = "twisted"
optional = false
python-versions = "*"
version = "19.2.1"

[package.dependencies]
Automat = ">=0.3.0"
PyHamcrest = ">=1.9.0"
attrs = ">=17.4.0"
constantly = ">=15.1"
hyperlink = ">=17.1.1"
incremental = ">=16.10.1"
"zope.interface" = ">=4.4.2"

[[package]]
category = "main"
description = "Compatibility API between asyncio/Twisted/Trollius"
name = "txaio"
optional = false
python-versions = "*"
version = "18.8.1"

[package.dependencies]
six = "*"

[[package]]
category = "dev"
description = "a fork of Python 2 and 3 ast modules with type comment support"
marker = "implementation_name == \"cpython\""
name = "typed-ast"
optional = false
python-versions = "*"
version = "1.4.0"

[[package]]
category = "dev"
description = "Virtual Python Environment builder"
name = "virtualenv"
optional = false
python-versions = ">=2.7, !=3.0.*, !=3.1.*, !=3.2.*, !=3.3.*"
version = "16.6.2"

[[package]]
category = "dev"
description = "Measures number of Terminal column cells of wide-character codes"
name = "wcwidth"
optional = false
python-versions = "*"
version = "0.1.7"

[[package]]
category = "dev"
description = "Module for decorators, wrappers and monkey patching."
name = "wrapt"
optional = false
python-versions = "*"
version = "1.11.2"

[[package]]
category = "main"
description = "Yet another URL library"
name = "yarl"
optional = false
python-versions = ">=3.5.3"
version = "1.3.0"

[package.dependencies]
idna = ">=2.0"
multidict = ">=4.0"

[[package]]
category = "dev"
description = "Backport of pathlib-compatible object wrapper for zip files"
name = "zipp"
optional = false
python-versions = ">=2.7"
version = "0.5.2"

[[package]]
category = "main"
description = "Interfaces for Python"
name = "zope.interface"
optional = false
python-versions = ">=2.7, !=3.0.*, !=3.1.*, !=3.2.*, !=3.3.*"
version = "4.6.0"

[package.dependencies]
setuptools = "*"

[metadata]
content-hash = "3f6d678660f349a66de5ad07eb3437a1238c9b5769f303619e528a1d90314125"
python-versions = "^3.7.0"

[metadata.hashes]
aiohttp = ["00d198585474299c9c3b4f1d5de1a576cc230d562abc5e4a0e81d71a20a6ca55", "0155af66de8c21b8dba4992aaeeabf55503caefae00067a3b1139f86d0ec50ed", "09654a9eca62d1bd6d64aa44db2498f60a5c1e0ac4750953fdd79d5c88955e10", "199f1d106e2b44b6dacdf6f9245493c7d716b01d0b7fbe1959318ba4dc64d1f5", "296f30dedc9f4b9e7a301e5cc963012264112d78a1d3094cd83ef148fdf33ca1", "368ed312550bd663ce84dc4b032a962fcb3c7cae099dbbd48663afc305e3b939", "40d7ea570b88db017c51392349cf99b7aefaaddd19d2c78368aeb0bddde9d390", "629102a193162e37102c50713e2e31dc9a2fe7ac5e481da83e5bb3c0cee700aa", "6d5ec9b8948c3d957e75ea14d41e9330e1ac3fed24ec53766c780f82805140dc", "87331d1d6810214085a50749160196391a712a13336cd02ce1c3ea3d05bcf8d5", "9a02a04bbe581c8605ac423ba3a74999ec9d8bce7ae37977a3d38680f5780b6d", "9c4c83f4fa1938377da32bc2d59379025ceeee8e24b89f72fcbccd8ca22dc9bf", "9cddaff94c0135ee627213ac6ca6d05724bfe6e7a356e5e09ec57bd3249510f6", "a25237abf327530d9561ef751eef9511ab56fd9431023ca6f4803f1994104d72", "a5cbd7157b0e383738b8e29d6e556fde8726823dae0e348952a61742b21aeb12", "a97a516e02b726e089cffcde2eea0d3258450389bbac48cbe89e0f0b6e7b0366", "acc89b29b5f4e2332d65cd1b7d10c609a75b88ef8925d487a611ca788432dfa4", "b05bd85cc99b06740aad3629c2585bda7b83bd86e080b44ba47faf905fdf1300", "c2bec436a2b5dafe5eaeb297c03711074d46b6eb236d002c13c42f25c4a8ce9d", "cc619d974c8c11fe84527e4b5e1c07238799a8c29ea1c1285149170524ba9303", "d4392defd4648badaa42b3e101080ae3313e8f4787cb517efd3f5b8157eaefd6", "e1c3c582ee11af7f63a34a46f0448fca58e59889396ffdae1f482085061a2889"]
aioredis = ["84d62be729beb87118cf126c20b0e3f52d7a42bb7373dc5bcdd874f26f1f251a", "aee16aa5cb3f636cf8fa0e2b62d2f6abc90366e19b5c30e94a5471d834a55975"]
aniso8601 = ["b8a6a9b24611fc50cf2d9b45d371bfdc4fd0581d1cc52254f5502130a776d4af", "bb167645c79f7a438f9dfab6161af9bed75508c645b1f07d1158240841d22673"]
appdirs = ["9e5896d1372858f8dd3344faf4e5014d21849c756c8d5701f78f8a103b372d92", "d8b24664561d0d34ddfaec54636d502d7cea6e29c3eaf68f3df6180863e2166e"]
asgiref = ["865b7ccce5a6e815607b08d9059fe9c058cd75c77f896f5e0b74ff6c1ba81818", "b718a9d35e204a96e2456c2271b0ef12e36124c363b3a8fd1d626744f23192aa"]
asn1crypto = ["2f1adbb7546ed199e3c90ef23ec95c5cf3585bac7d11fb7eb562a3fe89c64e87", "9d5c20441baf0cb60a4ac34cc447c6c189024b6b4c6cd7877034f4965c464e49"]
"aspy.yaml" = ["463372c043f70160a9ec950c3f1e4c3a82db5fca01d334b6bc89c7164d744bdc", "e7c742382eff2caed61f87a39d13f99109088e5e93f04d76eb8d4b28aa143f45"]
astroid = ["6560e1e1749f68c64a4b5dee4e091fce798d2f0d84ebe638cf0e0585a343acf4", "b65db1bbaac9f9f4d190199bb8680af6f6f84fd3769a5ea883df8a91fe68b4c4"]
async-timeout = ["0c3c816a028d47f659d6ff5c745cb2acf1f966da1fe5c19c77a70282b25f4c5f", "4291ca197d287d274d0b6cb5d6f8f8f82d434ed288f962539ff18cc9012f9ea3"]
atomicwrites = ["03472c30eb2c5d1ba9227e4c2ca66ab8287fbfbbda3888aa93dc2e28fc6811b4", "75a9445bac02d8d058d5e1fe689654ba5a6556a1dfd8ce6ec55a0ed79866cfa6"]
attrs = ["69c0dbf2ed392de1cb5ec704444b08a5ef81680a61cb899dc08127123af36a79", "f0b870f674851ecbfbbbd364d6b5cbdff9dcedbc7f3f5e18a6891057f21fe399"]
autobahn = ["70f0cfb8005b5429df5709acf5d66a8eba00669765547029371648dffd4a0470", "89f94a1535673b1655df28ef91e96b7f34faea76da04a5e56441c9ac779a2f9f"]
automat = ["cbd78b83fa2d81fe2a4d23d258e1661dd7493c9a50ee2f1a5b2cac61c1793b0e", "fdccab66b68498af9ecfa1fa43693abe546014dd25cf28543cbe9d1334916a58"]
black = ["09a9dcb7c46ed496a9850b76e4e825d6049ecd38b611f1224857a79bd985a8cf", "68950ffd4d9169716bcb8719a56c07a2f4485354fec061cdd5910aa07369731c"]
cffi = ["041c81822e9f84b1d9c401182e174996f0bae9991f33725d059b771744290774", "046ef9a22f5d3eed06334d01b1e836977eeef500d9b78e9ef693f9380ad0b83d", "066bc4c7895c91812eff46f4b1c285220947d4aa46fa0a2651ff85f2afae9c90", "066c7ff148ae33040c01058662d6752fd73fbc8e64787229ea8498c7d7f4041b", "2444d0c61f03dcd26dbf7600cf64354376ee579acad77aef459e34efcb438c63", "300832850b8f7967e278870c5d51e3819b9aad8f0a2c8dbe39ab11f119237f45", "34c77afe85b6b9e967bd8154e3855e847b70ca42043db6ad17f26899a3df1b25", "46de5fa00f7ac09f020729148ff632819649b3e05a007d286242c4882f7b1dc3", "4aa8ee7ba27c472d429b980c51e714a24f47ca296d53f4d7868075b175866f4b", "4d0004eb4351e35ed950c14c11e734182591465a33e960a4ab5e8d4f04d72647", "4e3d3f31a1e202b0f5a35ba3bc4eb41e2fc2b11c1eff38b362de710bcffb5016", "50bec6d35e6b1aaeb17f7c4e2b9374ebf95a8975d57863546fa83e8d31bdb8c4", "55cad9a6df1e2a1d62063f79d0881a414a906a6962bc160ac968cc03ed3efcfb", "5662ad4e4e84f1eaa8efce5da695c5d2e229c563f9d5ce5b0113f71321bcf753", "59b4dc008f98fc6ee2bb4fd7fc786a8d70000d058c2bbe2698275bc53a8d3fa7", "73e1ffefe05e4ccd7bcea61af76f36077b914f92b76f95ccf00b0c1b9186f3f9", "a1f0fd46eba2d71ce1589f7e50a9e2ffaeb739fb2c11e8192aa2b45d5f6cc41f", "a2e85dc204556657661051ff4bab75a84e968669765c8a2cd425918699c3d0e8", "a5457d47dfff24882a21492e5815f891c0ca35fefae8aa742c6c263dac16ef1f", "a8dccd61d52a8dae4a825cdbb7735da530179fea472903eb871a5513b5abbfdc", "ae61af521ed676cf16ae94f30fe202781a38d7178b6b4ab622e4eec8cefaff42", "b012a5edb48288f77a63dba0840c92d0504aa215612da4541b7b42d849bc83a3", "d2c5cfa536227f57f97c92ac30c8109688ace8fa4ac086d19d0af47d134e2909", "d42b5796e20aacc9d15e66befb7a345454eef794fdb0737d1af593447c6c8f45", "dee54f5d30d775f525894d67b1495625dd9322945e7fee00731952e0368ff42d", "e070535507bd6aa07124258171be2ee8dfc19119c28ca94c9dfb7efd23564512", "e1ff2748c84d97b065cc95429814cdba39bcbd77c9c85c89344b317dc0d9cbff", "ed851c75d1e0e043cbf5ca9a8e1b13c4c90f3fbd863dacb01c0808e2b5204201"]
cfgv = ["edb387943b665bf9c434f717bf630fa78aecd53d5900d2e05da6ad6048553144", "fbd93c9ab0a523bf7daec408f3be2ed99a980e20b2d19b50fc184ca6b820d289"]
channels = ["9191a85800673b790d1d74666fb7676f430600b71b662581e97dd69c9aedd29a", "af7cdba9efb3f55b939917d1b15defb5d40259936013e60660e5e9aff98db4c5"]
channels-redis = ["0e25f9a7851690a2433948ec24c899628c1f989d9602bbbcf48640412138b9c9", "b7ccbcb2fd4e568c08c147891b26db59aa25d88b65af826ce7f70c815cfb91bc"]
chardet = ["84ab92ed1c4d4f16916e05906b6b75a6c0fb5db821cc65e70cbd64a3e2a5eaae", "fc323ffcaeaed0e0a02bf4d117757b98aed530d9ed4531e3e15460124c106691"]
click = ["2335065e6395b9e67ca716de5f7526736bfa6ceead690adf616d925bdc622b13", "5b94b49521f6456670fdb30cd82a4eca9412788a93fa6dd6df72c94d5a8ff2d7"]
colorama = ["05eed71e2e327246ad6b38c540c4a3117230b19679b875190486ddd2d721422d", "f8ac84de7840f5b9c4e3347b3c1eaa50f7e49c2b07596221daec5edaabbd7c48"]
constantly = ["586372eb92059873e29eba4f9dec8381541b4d3834660707faf8ba59146dfc35", "dd2fa9d6b1a51a83f0d7dd76293d734046aa176e384bf6e33b7e44880eb37c5d"]
coverage = ["0c5fe441b9cfdab64719f24e9684502a59432df7570521563d7b1aff27ac755f", "2b412abc4c7d6e019ce7c27cbc229783035eef6d5401695dccba80f481be4eb3", "3684fabf6b87a369017756b551cef29e505cb155ddb892a7a29277b978da88b9", "39e088da9b284f1bd17c750ac672103779f7954ce6125fd4382134ac8d152d74", "3c205bc11cc4fcc57b761c2da73b9b72a59f8d5ca89979afb0c1c6f9e53c7390", "42692db854d13c6c5e9541b6ffe0fe921fe16c9c446358d642ccae1462582d3b", "465ce53a8c0f3a7950dfb836438442f833cf6663d407f37d8c52fe7b6e56d7e8", "48020e343fc40f72a442c8a1334284620f81295256a6b6ca6d8aa1350c763bbe", "4ec30ade438d1711562f3786bea33a9da6107414aed60a5daa974d50a8c2c351", "5296fc86ab612ec12394565c500b412a43b328b3907c0d14358950d06fd83baf", "5f61bed2f7d9b6a9ab935150a6b23d7f84b8055524e7be7715b6513f3328138e", "6899797ac384b239ce1926f3cb86ffc19996f6fa3a1efbb23cb49e0c12d8c18c", "68a43a9f9f83693ce0414d17e019daee7ab3f7113a70c79a3dd4c2f704e4d741", "6b8033d47fe22506856fe450470ccb1d8ba1ffb8463494a15cfc96392a288c09", "7ad7536066b28863e5835e8cfeaa794b7fe352d99a8cded9f43d1161be8e9fbd", "7bacb89ccf4bedb30b277e96e4cc68cd1369ca6841bde7b005191b54d3dd1034", "839dc7c36501254e14331bcb98b27002aa415e4af7ea039d9009409b9d2d5420", "8e679d1bde5e2de4a909efb071f14b472a678b788904440779d2c449c0355b27", "8f9a95b66969cdea53ec992ecea5406c5bd99c9221f539bca1e8406b200ae98c", "932c03d2d565f75961ba1d3cec41ddde00e162c5b46d03f7423edcb807734eab", "93f965415cc51604f571e491f280cff0f5be35895b4eb5e55b47ae90c02a497b", "988529edadc49039d205e0aa6ce049c5ccda4acb2d6c3c5c550c17e8c02c05ba", "998d7e73548fe395eeb294495a04d38942edb66d1fa61eb70418871bc621227e", "9de60893fb447d1e797f6bf08fdf0dbcda0c1e34c1b06c92bd3a363c0ea8c609", "9e80d45d0c7fcee54e22771db7f1b0b126fb4a6c0a2e5afa72f66827207ff2f2", "a545a3dfe5082dc8e8c3eb7f8a2cf4f2870902ff1860bd99b6198cfd1f9d1f49", "a5d8f29e5ec661143621a8f4de51adfb300d7a476224156a39a392254f70687b", "a9abc8c480e103dc05d9b332c6cc9fb1586330356fc14f1aa9c0ca5745097d19", "aca06bfba4759bbdb09bf52ebb15ae20268ee1f6747417837926fae990ebc41d", "bb23b7a6fd666e551a3094ab896a57809e010059540ad20acbeec03a154224ce", "bfd1d0ae7e292105f29d7deaa9d8f2916ed8553ab9d5f39ec65bcf5deadff3f9", "c22ab9f96cbaff05c6a84e20ec856383d27eae09e511d3e6ac4479489195861d", "c62ca0a38958f541a73cf86acdab020c2091631c137bd359c4f5bddde7b75fd4", "c709d8bda72cf4cd348ccec2a4881f2c5848fd72903c185f363d361b2737f773", "c968a6aa7e0b56ecbd28531ddf439c2ec103610d3e2bf3b75b813304f8cb7723", "ca58eba39c68010d7e87a823f22a081b5290e3e3c64714aac3c91481d8b34d22", "df785d8cb80539d0b55fd47183264b7002077859028dfe3070cf6359bf8b2d9c", "f406628ca51e0ae90ae76ea8398677a921b36f0bd71aab2099dfed08abd0322f", "f46087bbd95ebae244a0eda01a618aff11ec7a069b15a3ef8f6b520db523dcf1", "f8019c5279eb32360ca03e9fac40a12667715546eed5c5eb59eb381f2f501260", "fc5f4d209733750afd2714e9109816a29500718b32dd9a5db01c0cb3a019b96a"]
cryptography = ["24b61e5fcb506424d3ec4e18bca995833839bf13c59fc43e530e488f28d46b8c", "25dd1581a183e9e7a806fe0543f485103232f940fcfc301db65e630512cce643", "3452bba7c21c69f2df772762be0066c7ed5dc65df494a1d53a58b683a83e1216", "41a0be220dd1ed9e998f5891948306eb8c812b512dc398e5a01846d855050799", "5751d8a11b956fbfa314f6553d186b94aa70fdb03d8a4d4f1c82dcacf0cbe28a", "5f61c7d749048fa6e3322258b4263463bfccefecb0dd731b6561cb617a1d9bb9", "72e24c521fa2106f19623a3851e9f89ddfdeb9ac63871c7643790f872a305dfc", "7b97ae6ef5cba2e3bb14256625423413d5ce8d1abb91d4f29b6d1a081da765f8", "961e886d8a3590fd2c723cf07be14e2a91cf53c25f02435c04d39e90780e3b53", "96d8473848e984184b6728e2c9d391482008646276c3ff084a1bd89e15ff53a1", "ae536da50c7ad1e002c3eee101871d93abdc90d9c5f651818450a0d3af718609", "b0db0cecf396033abb4a93c95d1602f268b3a68bb0a9cc06a7cff587bb9a7292", "cfee9164954c186b191b91d4193989ca994703b2fff406f71cf454a2d3c7327e", "e6347742ac8f35ded4a46ff835c60e68c22a536a8ae5c4422966d06946b6d4c6", "f27d93f0139a3c056172ebb5d4f9056e770fdf0206c2f422ff2ebbad142e09ed", "f57b76e46a58b63d1c6375017f4564a28f19a5ca912691fd2e4261b3414b618d"]
daphne = ["2329b7a74b5559f7ea012879c10ba945c3a53df7d8d2b5932a904e3b4c9abcc2", "3cae286a995ae5b127d7de84916f0480cb5be19f81125b6a150b8326250dadd5"]
django = ["4d23f61b26892bac785f07401bc38cbf8fa4cec993f400e9cd9ddf28fd51c0ea", "6e974d4b57e3b29e4882b244d40171d6a75202ab8d2402b8e8adbd182e25cf0c"]
graphene = ["77d61618132ccd084c343e64c22d806cee18dce73cc86e0f427378dbdeeac287", "acf808d50d053b94f7958414d511489a9e490a7f9563b9be80f6875fc5723d2a"]
graphene-django = ["3101e8a8353c6b13f33261f5b0437deb3d3614d1c44b2d56932b158e3660c0cd", "5714c5dd1200800ddc12d0782b0d82db70aedf387575e5b57ee2cdee4f25c681"]
graphql-core = ["1488f2a5c2272dc9ba66e3042a6d1c30cea0db4c80bd1e911c6791ad6187d91b", "da64c472d720da4537a2e8de8ba859210b62841bd47a9be65ca35177f62fe0e4"]
graphql-relay = ["0e94201af4089e1f81f07d7bd8f84799768e39d70fa1ea16d1df505b46cc6335", "75aa0758971e252964cb94068a4decd472d2a8295229f02189e3cbca1f10dbb5", "7fa74661246e826ef939ee92e768f698df167a7617361ab399901eaebf80dce6"]
hiredis = ["0124911115f2cb7deb4f8e221e109a53d3d718174b238a2c5e2162175a3929a5", "0656658d0448c2c82c4890ae933c2c2e51196101d3d06fc19cc92e062410c2fd", "09d284619f7142ddd7a4ffa94c12a0445e834737f4ce8739a737f2b1ca0f6142", "12299b7026e5dc22ed0ff603375c1bf583cf59adbb0e4d062df434e9140d72dd", "12fc6210f8dc3e9c8ce4b95e8f5db404b838dbdeb25bca41e33497de6d89334f", "197febe5e63c77f4ad19b36e15ed33152064dc606c8b7413c7a0ca3fd04672cc", "20e48289fbffb59a5ac7cc677fc02c2726c1da22488e5f7636b9feb9afde199f", "26bed296b92b88db02afe214aa1fefad7f9e8ba88a5a7c0e355b55c4b168d212", "321b19d2a21fd576111032fe7694d317de2c11b265ef775f2e3f22734a6b94c8", "32d5f2c461250f5fc7ccef647682651b1d9f69443f16c213d7fa5e183222b233", "36bfcc86715d109a5ef6edefd52b893de97d555cb5cb0e9cab83eb9665942ccc", "438ddfd1484e98110959dc4648c0ba22c3307c9c0ae7e2a856755067f9ce9cef", "66f17c1633b2fb967bf4165f7b3d369a1bdfe3537d3646cf9a7c208506c96c49", "94ab0fa3ac93ab36a5400c474439881d182b43fd38a2766d984470c57931ae88", "955f12da861f2608c181049f623bbb52851769e10639c4919cc586395b89813f", "b1fd831f96ce0f715e9356574f5184b840b59eb8901fc5f9124fedbe84ad2a59", "b3813c641494fca2eda66c32a2117816472a5a39b12f59f7887c6d17bdb8c77e", "bbc3ee8663024c82a1226a0d56ad882f42a2fd8c2999bf52d27bdd25f1320f4b", "bd12c2774b574f5b209196e25b03b5d62c7919bf69046bc7b955ebe84e0ec1fe", "c54d2b3d7a2206df35f3c1140ac20ca6faf7819ff92ea5be8bf4d1cbdb433216", "c7b0bcaf2353a2ad387dd8b5e1b5f55991adc3a7713ac3345a4ef0de58276690", "c9319a1503efb3b5a4ec13b2f8fae2c23610a645e999cb8954d330f0610b0f6d", "cbe5c0273224babe2ec77058643312d07aa5e8fed08901b3f7bccaa744c5728e", "cc884ea50185009d794b31314a144110efc76b71beb0a5827a8bff970ae6d248", "d1e2e751327781ad81df5a5a29d7c7b19ee0ebfbeddf037fd8df19ec1c06e18b", "d2ef58cece6cae4b354411df498350d836f10b814c8a890df0d8079aff30c518", "e97c953f08729900a5e740f1760305434d62db9f281ac351108d6c4b5bf51795", "fcdf2e10f56113e1cb4326dbca7bf7edbfdbd246cd6d7ec088688e5439129e2c"]
hyperlink = ["4288e34705da077fada1111a24a0aa08bb1e76699c9ce49876af722441845654", "ab4a308feb039b04f855a020a6eda3b18ca5a68e6d8f8c899cbe9e653721d04f"]
identify = ["0a11379b46d06529795442742a043dc2fa14cd8c995ae81d1febbc5f1c014c87", "43a5d24ffdb07bc7e21faf68b08e9f526a1f41f0056073f480291539ef961dfd"]
idna = ["c357b3f628cf53ae2c4c05627ecc484553142ca23264e593d327bcde5e9c3407", "ea8b7f6188e6fa117537c3df7da9fc686d485087abf6ac197f9c46432f7e4a3c"]
importlib-metadata = ["6dfd58dfe281e8d240937776065dd3624ad5469c835248219bd16cf2e12dbeb7", "cb6ee23b46173539939964df59d3d72c3e0c1b5d54b84f1d8a7e912fe43612db"]
incremental = ["717e12246dddf231a349175f48d74d93e2897244939173b01974ab6661406b9f", "7b751696aaf36eebfab537e458929e194460051ccad279c72b755a167eebd4b3"]
isort = ["54da7e92468955c4fceacd0c86bd0ec997b0e1ee80d97f67c35a78b719dccab1", "6e811fcb295968434526407adb8796944f1988c5b65e8139058f2014cbe100fd"]
lazy-object-proxy = ["159a745e61422217881c4de71f9eafd9d703b93af95618635849fe469a283661", "23f63c0821cc96a23332e45dfaa83266feff8adc72b9bcaef86c202af765244f", "3b11be575475db2e8a6e11215f5aa95b9ec14de658628776e10d96fa0b4dac13", "3f447aff8bc61ca8b42b73304f6a44fa0d915487de144652816f950a3f1ab821", "4ba73f6089cd9b9478bc0a4fa807b47dbdb8fad1d8f31a0f0a5dbf26a4527a71", "4f53eadd9932055eac465bd3ca1bd610e4d7141e1278012bd1f28646aebc1d0e", "64483bd7154580158ea90de5b8e5e6fc29a16a9b4db24f10193f0c1ae3f9d1ea", "6f72d42b0d04bfee2397aa1862262654b56922c20a9bb66bb76b6f0e5e4f9229", "7c7f1ec07b227bdc561299fa2328e85000f90179a2f44ea30579d38e037cb3d4", "7c8b1ba1e15c10b13cad4171cfa77f5bb5ec2580abc5a353907780805ebe158e", "8559b94b823f85342e10d3d9ca4ba5478168e1ac5658a8a2f18c991ba9c52c20", "a262c7dfb046f00e12a2bdd1bafaed2408114a89ac414b0af8755c696eb3fc16", "acce4e3267610c4fdb6632b3886fe3f2f7dd641158a843cf6b6a68e4ce81477b", "be089bb6b83fac7f29d357b2dc4cf2b8eb8d98fe9d9ff89f9ea6012970a853c7", "bfab710d859c779f273cc48fb86af38d6e9210f38287df0069a63e40b45a2f5c", "c10d29019927301d524a22ced72706380de7cfc50f767217485a912b4c8bd82a", "dd6e2b598849b3d7aee2295ac765a578879830fb8966f70be8cd472e6069932e", "e408f1eacc0a68fed0c08da45f31d0ebb38079f043328dce69ff133b95c29dc1"]
mccabe = ["ab8a6258860da4b6677da4bd2fe5dc2c659cff31b3ee4f7f5d64e79735b80d42", "dd8d182285a0fe56bace7f45b5e7d1a6ebcbf524e8f3bd87eb0f125271b8831f"]
more-itertools = ["409cd48d4db7052af495b09dec721011634af3753ae1ef92d2b32f73a745f832", "92b8c4b06dac4f0611c0729b2f2ede52b2e1bac1ab48f089c7ddc12e26bb60c4"]
msgpack = ["26cb40116111c232bc235ce131cc3b4e76549088cb154e66a2eb8ff6fcc907ec", "300fd3f2c664a3bf473d6a952f843b4a71454f4c592ed7e74a36b205c1782d28", "3129c355342853007de4a2a86e75eab966119733eb15748819b6554363d4e85c", "31f6d645ee5a97d59d3263fab9e6be76f69fa131cddc0d94091a3c8aca30d67a", "3ce7ef7ee2546c3903ca8c934d09250531b80c6127e6478781ae31ed835aac4c", "4008c72f5ef2b7936447dcb83db41d97e9791c83221be13d5e19db0796df1972", "62bd8e43d204580308d477a157b78d3fee2fb4c15d32578108dc5d89866036c8", "70cebfe08fb32f83051971264466eadf183101e335d8107b80002e632f425511", "72cb7cf85e9df5251abd7b61a1af1fb77add15f40fa7328e924a9c0b6bc7a533", "7c55649965c35eb32c499d17dadfb8f53358b961582846e1bc06f66b9bccc556", "86b963a5de11336ec26bc4f839327673c9796b398b9f1fe6bb6150c2a5d00f0f", "8c73c9bcdfb526247c5e4f4f6cf581b9bb86b388df82cfcaffde0a6e7bf3b43a", "8e68c76c6aff4849089962d25346d6784d38e02baa23ffa513cf46be72e3a540", "97ac6b867a8f63debc64f44efdc695109d541ecc361ee2dce2c8884ab37360a1", "9d4f546af72aa001241d74a79caec278bcc007b4bcde4099994732e98012c858", "a28e69fe5468c9f5251c7e4e7232286d71b7dfadc74f312006ebe984433e9746", "fd509d4aa95404ce8d86b4e32ce66d5d706fd6646c205e1c2a715d87078683a2"]
multidict = ["024b8129695a952ebd93373e45b5d341dbb87c17ce49637b34000093f243dd4f", "041e9442b11409be5e4fc8b6a97e4bcead758ab1e11768d1e69160bdde18acc3", "045b4dd0e5f6121e6f314d81759abd2c257db4634260abcfe0d3f7083c4908ef", "047c0a04e382ef8bd74b0de01407e8d8632d7d1b4db6f2561106af812a68741b", "068167c2d7bbeebd359665ac4fff756be5ffac9cda02375b5c5a7c4777038e73", "148ff60e0fffa2f5fad2eb25aae7bef23d8f3b8bdaf947a65cdbe84a978092bc", "1d1c77013a259971a72ddaa83b9f42c80a93ff12df6a4723be99d858fa30bee3", "1d48bc124a6b7a55006d97917f695effa9725d05abe8ee78fd60d6588b8344cd", "31dfa2fc323097f8ad7acd41aa38d7c614dd1960ac6681745b6da124093dc351", "34f82db7f80c49f38b032c5abb605c458bac997a6c3142e0d6c130be6fb2b941", "3d5dd8e5998fb4ace04789d1d008e2bb532de501218519d70bb672c4c5a2fc5d", "4a6ae52bd3ee41ee0f3acf4c60ceb3f44e0e3bc52ab7da1c2b2aa6703363a3d1", "4b02a3b2a2f01d0490dd39321c74273fed0568568ea0e7ea23e02bd1fb10a10b", "4b843f8e1dd6a3195679d9838eb4670222e8b8d01bc36c9894d6c3538316fa0a", "5de53a28f40ef3c4fd57aeab6b590c2c663de87a5af76136ced519923d3efbb3", "61b2b33ede821b94fa99ce0b09c9ece049c7067a33b279f343adfe35108a4ea7", "6a3a9b0f45fd75dc05d8e93dc21b18fc1670135ec9544d1ad4acbcf6b86781d0", "76ad8e4c69dadbb31bad17c16baee61c0d1a4a73bed2590b741b2e1a46d3edd0", "7ba19b777dc00194d1b473180d4ca89a054dd18de27d0ee2e42a103ec9b7d014", "7c1b7eab7a49aa96f3db1f716f0113a8a2e93c7375dd3d5d21c4941f1405c9c5", "7fc0eee3046041387cbace9314926aa48b681202f8897f8bff3809967a049036", "8ccd1c5fff1aa1427100ce188557fc31f1e0a383ad8ec42c559aabd4ff08802d", "8e08dd76de80539d613654915a2f5196dbccc67448df291e69a88712ea21e24a", "c18498c50c59263841862ea0501da9f2b3659c00db54abfbf823a80787fde8ce", "c49db89d602c24928e68c0d510f4fcf8989d77defd01c973d6cbe27e684833b1", "ce20044d0317649ddbb4e54dab3c1bcc7483c78c27d3f58ab3d0c7e6bc60d26a", "d1071414dd06ca2eafa90c85a079169bfeb0e5f57fd0b45d44c092546fcd6fd9", "d3be11ac43ab1a3e979dac80843b42226d5d3cccd3986f2e03152720a4297cd7", "db603a1c235d110c860d5f39988ebc8218ee028f07a7cbc056ba6424372ca31b"]
nodeenv = ["ad8259494cf1c9034539f6cced78a1da4840a4b157e23640bc4a0c0546b0cb7a"]
packaging = ["0c98a5d0be38ed775798ece1b9727178c4469d9c3b4ada66e8e6b7849f8732af", "9e1cbf8c12b1f1ce0bb5344b8d7ecf66a6f8a6e91bcb0c84593ed6d3ab5c4ab3"]
pluggy = ["0825a152ac059776623854c1543d65a4ad408eb3d33ee114dff91e57ec6ae6fc", "b9817417e95936bf75d85d3f8767f7df6cdde751fc40aed3bb3074cbcb77757c"]
pre-commit = ["92e406d556190503630fd801958379861c94884693a032ba66629d0351fdccd4", "cccc39051bc2457b0c0f7152a411f8e05e3ba2fe1a5613e4ee0833c1c1985ce3"]
promise = ["2ebbfc10b7abf6354403ed785fe4f04b9dfd421eb1a474ac8d187022228332af", "348f5f6c3edd4fd47c9cd65aed03ac1b31136d375aa63871a57d3e444c85655c"]
py = ["64f65755aee5b381cea27766a3a147c3f15b9b6b9ac88676de66ba2ae36793fa", "dc639b046a6e2cff5bbe40194ad65936d6ba360b52b3c3fe1d08a82dd50b5e53"]
pycparser = ["a988718abfad80b6b157acce7bf130a30876d27603738ac39f140993246b25b3"]
pyhamcrest = ["6b672c02fdf7470df9674ab82263841ce8333fb143f32f021f6cb26f0e512420", "7a4bdade0ed98c699d728191a058a60a44d2f9c213c51e2dd1e6fb42f2c6128a", "8ffaa0a53da57e89de14ced7185ac746227a8894dbd5a3c718bf05ddbd1d56cd", "bac0bea7358666ce52e3c6c85139632ed89f115e9af52d44b3c36e0bf8cf16a9", "f30e9a310bcc1808de817a92e95169ffd16b60cbc5a016a49c8d0e8ababfae79"]
pylint = ["5d77031694a5fb97ea95e828c8d10fc770a1df6eb3906067aaed42201a8a6a09", "723e3db49555abaf9bf79dc474c6b9e2935ad82230b10c1138a71ea41ac0fff1"]
pylint-django = ["6740b60dd94b6896cffa28d7fe1bb5dd167cbdcb3d9fb3db01b30390ea18b987", "e1273decd5ee60eaf9a742f62dd67bacb7ccf2cb1e7641dba0361108d0dff455"]
pylint-plugin-utils = ["8d9e31d5ea8b7b0003e1f0f136b44a5235896a32e47c5bc2ef1143e9f6ba0b74"]
pylint-quotes = ["5332fa8b48ce5d8780df196d684f38c00614f8233fdc4c67efbdc0bbe7dc51d7", "c53d2a63b4cd16c9fa426d243de6396910ff04c65001efdbea37427d401fce72"]
pyparsing = ["530d8bf8cc93a34019d08142593cf4d78a05c890da8cf87ffa3120af53772238", "f78e99616b6f1a4745c0580e170251ef1bbafc0d0513e270c4bd281bf29d2800"]
pytest = ["6aa9bc2f6f6504d7949e9df2a756739ca06e58ffda19b5e53c725f7b03fb4aae", "b77ae6f2d1a760760902a7676887b665c086f71e3461c64ed2a312afcedc00d6"]
pytest-asyncio = ["9fac5100fd716cbecf6ef89233e8590a4ad61d729d1732e0a96b84182df1daaf", "d734718e25cfc32d2bf78d346e99d33724deeba774cc4afdf491530c6184b63b"]
pytest-cov = ["2b097cde81a302e1047331b48cadacf23577e431b61e9c6f49a1170bbe3d3da6", "e00ea4fdde970725482f1f35630d12f074e121a23801aabf2ae154ec6bdd343a"]
pytest-django = ["30d773f1768e8f214a3106f1090e00300ce6edfcac8c55fd13b675fe1cbd1c85", "4d3283e774fe1d40630ee58bf34929b83875e4751b525eeb07a7506996eb42ee"]
pytest-pythonpath = ["63fc546ace7d2c845c1ee289e8f7a6362c2b6bae497d10c716e58e253e801d62"]
pytz = ["303879e36b721603cc54604edcac9d20401bdbe31e1e4fdee5b9f98d5d31dfda", "d747dd3d23d77ef44c6a3526e274af6efeb0a6f1afd5a69ba4d5be4098c8e141"]
pyyaml = ["57acc1d8533cbe51f6662a55434f0dbecfa2b9eaf115bede8f6fd00115a0c0d3", "588c94b3d16b76cfed8e0be54932e5729cc185caffaa5a451e7ad2f7ed8b4043", "68c8dd247f29f9a0d09375c9c6b8fdc64b60810ebf07ba4cdd64ceee3a58c7b7", "70d9818f1c9cd5c48bb87804f2efc8692f1023dac7f1a1a5c61d454043c1d265", "86a93cccd50f8c125286e637328ff4eef108400dd7089b46a7be3445eecfa391", "a0f329125a926876f647c9fa0ef32801587a12328b4a3c741270464e3e4fa778", "a3c252ab0fa1bb0d5a3f6449a4826732f3eb6c0270925548cac342bc9b22c225", "b4bb4d3f5e232425e25dda21c070ce05168a786ac9eda43768ab7f3ac2770955", "cd0618c5ba5bda5f4039b9398bb7fb6a317bb8298218c3de25c47c4740e4b95e", "ceacb9e5f8474dcf45b940578591c7f3d960e82f926c707788a570b51ba59190", "fe6a88094b64132c4bb3b631412e90032e8cfe9745a58370462240b8cb7553cd"]
rx = ["13a1d8d9e252625c173dc795471e614eadfe1cf40ffc684e08b8fff0d9748c23", "7357592bc7e881a95e0c2013b73326f704953301ab551fbc8133a6fadab84105"]
singledispatch = ["5b06af87df13818d14f08a028e42f566640aef80805c3b50c5056b086e3c2b9c", "833b46966687b3de7f438c761ac475213e53b306740f1abfaa86e1d1aae56aa8"]
six = ["3350809f0555b11f552448330d0b52d5f24c91a322ea4a15ef22629740f3761c", "d16a0141ec1a18405cd4ce8b4613101da75da0e9a7aec5bdd4fa804d0e0eba73"]
sqlparse = ["40afe6b8d4b1117e7dff5504d7a8ce07d9a1b15aeeade8a2d10f130a834f8177", "7c3dca29c022744e95b547e867cee89f4fce4373f3549ccd8797d8eb52cdb873"]
toml = ["229f81c57791a41d65e399fc06bf0848bab550a9dfd5ed66df18ce5f05e73d5c", "235682dd292d5899d361a811df37e04a8828a5b1da3115886b73cf81ebc9100e", "f1db651f9657708513243e61e6cc67d101a39bad662eaa9b5546f789338e07a3"]
twisted = ["fa2c04c2d68a9be7fc3975ba4947f653a57a656776f24be58ff0fe4b9aaf3e52"]
txaio = ["67e360ac73b12c52058219bb5f8b3ed4105d2636707a36a7cdafb56fe06db7fe", "b6b235d432cc58ffe111b43e337db71a5caa5d3eaa88f0eacf60b431c7626ef5"]
typed-ast = ["18511a0b3e7922276346bcb47e2ef9f38fb90fd31cb9223eed42c85d1312344e", "262c247a82d005e43b5b7f69aff746370538e176131c32dda9cb0f324d27141e", "2b907eb046d049bcd9892e3076c7a6456c93a25bebfe554e931620c90e6a25b0", "354c16e5babd09f5cb0ee000d54cfa38401d8b8891eefa878ac772f827181a3c", "4e0b70c6fc4d010f8107726af5fd37921b666f5b31d9331f0bd24ad9a088e631", "630968c5cdee51a11c05a30453f8cd65e0cc1d2ad0d9192819df9978984529f4", "66480f95b8167c9c5c5c87f32cf437d585937970f3fc24386f313a4c97b44e34", "71211d26ffd12d63a83e079ff258ac9d56a1376a25bc80b1cdcdf601b855b90b", "95bd11af7eafc16e829af2d3df510cecfd4387f6453355188342c3e79a2ec87a", "bc6c7d3fa1325a0c6613512a093bc2a2a15aeec350451cbdf9e1d4bffe3e3233", "cc34a6f5b426748a507dd5d1de4c1978f2eb5626d51326e43280941206c209e1", "d755f03c1e4a51e9b24d899561fec4ccaf51f210d52abdf8c07ee2849b212a36", "d7c45933b1bdfaf9f36c579671fec15d25b06c8398f113dab64c18ed1adda01d", "d896919306dd0aa22d0132f62a1b78d11aaf4c9fc5b3410d3c666b818191630a", "ffde2fbfad571af120fcbfbbc61c72469e72f550d676c3342492a9dfdefb8f12"]
virtualenv = ["861bbce3a418110346c70f5c7a696fdcf23a261424e1d28aa4f9362fc2ccbc19", "ba8ce6a961d842320681fb90a3d564d0e5134f41dacd0e2bae7f02441dde2d52"]
wcwidth = ["3df37372226d6e63e1b1e1eda15c594bca98a22d33a23832a90998faa96bc65e", "f4ebe71925af7b40a864553f761ed559b43544f8f71746c2d756c7fe788ade7c"]
wrapt = ["565a021fd19419476b9362b05eeaa094178de64f8361e44468f9e9d7843901e1"]
yarl = ["024ecdc12bc02b321bc66b41327f930d1c2c543fa9a561b39861da9388ba7aa9", "2f3010703295fbe1aec51023740871e64bb9664c789cba5a6bdf404e93f7568f", "3890ab952d508523ef4881457c4099056546593fa05e93da84c7250516e632eb", "3e2724eb9af5dc41648e5bb304fcf4891adc33258c6e14e2a7414ea32541e320", "5badb97dd0abf26623a9982cd448ff12cb39b8e4c94032ccdedf22ce01a64842", "73f447d11b530d860ca1e6b582f947688286ad16ca42256413083d13f260b7a0", "7ab825726f2940c16d92aaec7d204cfc34ac26c0040da727cf8ba87255a33829", "b25de84a8c20540531526dfbb0e2d2b648c13fd5dd126728c496d7c3fea33310", "c6e341f5a6562af74ba55205dbd56d248daf1b5748ec48a0200ba227bb9e33f4", "c9bb7c249c4432cd47e75af3864bc02d26c9594f49c82e2a28624417f0ae63b8", "e060906c0c585565c718d1c3841747b61c5439af2211e185f6739a9412dfbde1"]
zipp = ["4970c3758f4e89a7857a973b1e2a5d75bcdc47794442f2e2dd4fe8e0466e809a", "8a5712cfd3bb4248015eb3b0b3c54a5f6ee3f2425963ef2a0125b8bc40aafaec"]
"zope.interface" = ["086707e0f413ff8800d9c4bc26e174f7ee4c9c8b0302fbad68d083071822316c", "1157b1ec2a1f5bf45668421e3955c60c610e31913cc695b407a574efdbae1f7b", "11ebddf765bff3bbe8dbce10c86884d87f90ed66ee410a7e6c392086e2c63d02", "14b242d53f6f35c2d07aa2c0e13ccb710392bcd203e1b82a1828d216f6f6b11f", "1b3d0dcabc7c90b470e59e38a9acaa361be43b3a6ea644c0063951964717f0e5", "20a12ab46a7e72b89ce0671e7d7a6c3c1ca2c2766ac98112f78c5bddaa6e4375", "298f82c0ab1b182bd1f34f347ea97dde0fffb9ecf850ecf7f8904b8442a07487", "2f6175722da6f23dbfc76c26c241b67b020e1e83ec7fe93c9e5d3dd18667ada2", "3b877de633a0f6d81b600624ff9137312d8b1d0f517064dfc39999352ab659f0", "4265681e77f5ac5bac0905812b828c9fe1ce80c6f3e3f8574acfb5643aeabc5b", "550695c4e7313555549aa1cdb978dc9413d61307531f123558e438871a883d63", "5f4d42baed3a14c290a078e2696c5f565501abde1b2f3f1a1c0a94fbf6fbcc39", "62dd71dbed8cc6a18379700701d959307823b3b2451bdc018594c48956ace745", "7040547e5b882349c0a2cc9b50674b1745db551f330746af434aad4f09fba2cc", "7e099fde2cce8b29434684f82977db4e24f0efa8b0508179fce1602d103296a2", "7e5c9a5012b2b33e87980cee7d1c82412b2ebabcb5862d53413ba1a2cfde23aa", "81295629128f929e73be4ccfdd943a0906e5fe3cdb0d43ff1e5144d16fbb52b1", "95cc574b0b83b85be9917d37cd2fad0ce5a0d21b024e1a5804d044aabea636fc", "968d5c5702da15c5bf8e4a6e4b67a4d92164e334e9c0b6acf080106678230b98", "9e998ba87df77a85c7bed53240a7257afe51a07ee6bc3445a0bf841886da0b97", "a0c39e2535a7e9c195af956610dba5a1073071d2d85e9d2e5d789463f63e52ab", "a15e75d284178afe529a536b0e8b28b7e107ef39626a7809b4ee64ff3abc9127", "a6a6ff82f5f9b9702478035d8f6fb6903885653bff7ec3a1e011edc9b1a7168d", "b639f72b95389620c1f881d94739c614d385406ab1d6926a9ffe1c8abbea23fe", "bad44274b151d46619a7567010f7cde23a908c6faa84b97598fd2f474a0c6891", "bbcef00d09a30948756c5968863316c949d9cedbc7aabac5e8f0ffbdb632e5f1", "d788a3999014ddf416f2dc454efa4a5dbeda657c6aba031cf363741273804c6b", "eed88ae03e1ef3a75a0e96a55a99d7937ed03e53d0cffc2451c208db445a2966", "f99451f3a579e73b5dd58b1b08d1179791d49084371d9a47baad3b22417f0317"]
