[[package]]
category = "dev"
description = "asyncio (PEP 3156) Redis support"
name = "aioredis"
optional = false
platform = "POSIX"
python-versions = "*"
version = "1.1.0"

[package.dependencies]
async-timeout = "*"
hiredis = "*"

[[package]]
category = "main"
description = "A library for parsing ISO 8601 strings."
name = "aniso8601"
optional = false
platform = "*"
python-versions = "*"
version = "3.0.2"

[[package]]
category = "dev"
description = "A small Python module for determining appropriate platform-specific dirs, e.g. a \"user data dir\"."
name = "appdirs"
optional = false
platform = "*"
python-versions = "*"
version = "1.4.3"

[[package]]
category = "main"
description = "ASGI specs, helper code, and adapters"
name = "asgiref"
optional = false
platform = "*"
python-versions = "*"
version = "2.3.2"

[package.dependencies]
async-timeout = ">=2.0,<4.0"

[[package]]
category = "dev"
description = "A few extensions to pyyaml."
name = "aspy.yaml"
optional = false
platform = "all"
python-versions = "*"
version = "1.1.1"

[package.dependencies]
pyyaml = "*"

[[package]]
category = "dev"
description = "An abstract syntax tree for Python with inference support."
name = "astroid"
optional = false
platform = "*"
python-versions = ">=3.4.*"
version = "2.0.2"

[package.dependencies]
lazy-object-proxy = "*"
six = "*"
typed-ast = "*"
typing = "*"
wrapt = "*"

[[package]]
category = "main"
description = "Timeout context manager for asyncio programs"
name = "async-timeout"
optional = false
platform = "*"
python-versions = ">=3.5.3"
version = "3.0.0"

[[package]]
category = "dev"
description = "Atomic file writes."
name = "atomicwrites"
optional = false
platform = "UNKNOWN"
python-versions = "*"
version = "1.1.5"

[[package]]
category = "main"
description = "Classes Without Boilerplate"
name = "attrs"
optional = false
platform = "*"
python-versions = "*"
version = "18.1.0"

[[package]]
category = "main"
description = "WebSocket client & server library, WAMP real-time framework"
name = "autobahn"
optional = false
platform = "Any"
python-versions = "*"
version = "18.7.1"

[package.dependencies]
six = ">=1.10.0"
txaio = ">=18.7.1"

[[package]]
category = "main"
description = "Self-service finite-state machines for the programmer on the go."
name = "automat"
optional = false
platform = "*"
python-versions = "*"
version = "0.7.0"

[package.dependencies]
attrs = ">=16.1.0"
six = "*"

[[package]]
category = "dev"
description = "The uncompromising code formatter."
name = "black"
optional = false
platform = "*"
python-versions = ">=3.6"
version = "18.6b4"

[package.dependencies]
appdirs = "*"
attrs = ">=17.4.0"
click = ">=6.5"
toml = ">=0.9.4"

[[package]]
category = "dev"
description = "A decorator for caching properties in classes."
name = "cached-property"
optional = false
platform = "*"
python-versions = "*"
version = "1.4.3"

[[package]]
category = "dev"
description = "Validate configuration and produce human readable error messages."
name = "cfgv"
optional = false
platform = "*"
python-versions = "*"
version = "1.1.0"

[package.dependencies]
six = "*"

[[package]]
category = "main"
description = "Brings async, event-driven capabilities to Django. Django 1.11 and up only."
name = "channels"
optional = false
platform = "*"
python-versions = "*"
version = "2.1.2"

[package.dependencies]
Django = ">=1.11"
asgiref = ">=2.3,<3.0"
daphne = ">=2.2,<3.0"

[[package]]
category = "dev"
description = "Redis-backed ASGI channel layer implementation"
name = "channels-redis"
optional = false
platform = "*"
python-versions = "*"
version = "2.2.1"

[package.dependencies]
aioredis = ">=1.0,<2.0"
asgiref = ">=2.1,<3.0"
channels = ">=2.0,<3.0"
msgpack = ">=0.5.0,<0.6.0"

[[package]]
category = "dev"
description = "A simple wrapper around optparse for powerful command line utilities."
name = "click"
optional = false
platform = "*"
python-versions = "*"
version = "6.7"

[[package]]
category = "dev"
description = "Cross-platform colored terminal text."
name = "colorama"
optional = false
platform = "UNKNOWN"
python-versions = "*"
version = "0.3.9"

[package.requirements]
platform = "win32"

[[package]]
category = "main"
description = "Symbolic constants in Python"
name = "constantly"
optional = false
platform = "UNKNOWN"
python-versions = "*"
version = "15.1.0"

[[package]]
category = "dev"
description = "Code coverage measurement for Python"
name = "coverage"
optional = false
platform = "*"
python-versions = ">=2.6, !=3.0.*, !=3.1.*, !=3.2.*, <4"
version = "4.5.1"

[[package]]
category = "main"
description = "Django ASGI (HTTP/WebSocket) server"
name = "daphne"
optional = false
platform = "*"
python-versions = "*"
version = "2.2.1"

[package.dependencies]
autobahn = ">=0.18"
twisted = ">=18.7"

[[package]]
category = "main"
description = "A high-level Python Web framework that encourages rapid development and clean, pragmatic design."
name = "django"
optional = false
platform = "*"
python-versions = ">=3.5"
version = "2.1"

[package.dependencies]
pytz = "*"

[[package]]
category = "main"
description = "GraphQL Framework for Python"
name = "graphene"
optional = false
platform = "*"
python-versions = "*"
version = "2.1.3"

[package.dependencies]
aniso8601 = ">=3,<4"
graphql-core = ">=2.1,<3"
graphql-relay = ">=0.4.5,<1"
promise = ">=2.1,<3"
six = ">=1.10.0,<2"

[[package]]
category = "main"
description = "Graphene Django integration"
name = "graphene-django"
optional = false
platform = "any"
python-versions = "*"
version = "2.1.0"

[package.dependencies]
Django = ">=1.8.0"
graphene = ">=2.1,<3"
graphql-core = ">=2.1rc1"
iso8601 = "*"
promise = ">=2.1"
singledispatch = ">=3.4.0.3"
six = ">=1.10.0"

[[package]]
category = "main"
description = "GraphQL implementation for Python"
name = "graphql-core"
optional = false
platform = "*"
python-versions = "*"
version = "2.1"

[package.dependencies]
promise = ">=2.1"
rx = ">=1.6.0"
six = ">=1.10.0"

[[package]]
category = "main"
description = "Relay implementation for Python"
name = "graphql-relay"
optional = false
platform = "UNKNOWN"
python-versions = "*"
version = "0.4.5"

[package.dependencies]
graphql-core = ">=0.5.0"
promise = ">=0.4.0"
six = ">=1.10.0"

[[package]]
category = "dev"
description = "Python wrapper for hiredis"
name = "hiredis"
optional = false
platform = "UNKNOWN"
python-versions = "*"
version = "0.2.0"

[[package]]
category = "main"
description = "A featureful, immutable, and correct URL for Python."
name = "hyperlink"
optional = false
platform = "any"
python-versions = "*"
version = "18.0.0"

[package.dependencies]
idna = ">=2.5"

[[package]]
category = "dev"
description = "File identification library for Python"
name = "identify"
optional = false
platform = "*"
python-versions = "*"
version = "1.1.4"

[[package]]
category = "main"
description = "Internationalized Domain Names in Applications (IDNA)"
name = "idna"
optional = false
platform = "*"
python-versions = "*"
version = "2.7"

[[package]]
category = "main"
description = ""
name = "incremental"
optional = false
platform = "*"
python-versions = "*"
version = "17.5.0"

[[package]]
category = "main"
description = "Simple module to parse ISO 8601 dates"
name = "iso8601"
optional = false
platform = "*"
python-versions = "*"
version = "0.1.12"

[[package]]
category = "dev"
description = "A Python utility / library to sort Python imports."
name = "isort"
optional = false
platform = "*"
python-versions = ">=2.7, !=3.0.*, !=3.1.*, !=3.2.*, !=3.3.*"
version = "4.3.4"

[[package]]
category = "dev"
description = "A fast and thorough lazy object proxy."
name = "lazy-object-proxy"
optional = false
platform = "*"
python-versions = "*"
version = "1.3.1"

[[package]]
category = "dev"
description = "McCabe checker, plugin for flake8"
name = "mccabe"
optional = false
platform = "*"
python-versions = "*"
version = "0.6.1"

[[package]]
category = "dev"
description = "More routines for operating on iterables, beyond itertools"
name = "more-itertools"
optional = false
platform = "*"
python-versions = "*"
version = "4.3.0"

[package.dependencies]
six = ">=1.0.0,<2.0.0"

[[package]]
category = "main"
description = "MessagePack (de)serializer."
name = "msgpack"
optional = false
platform = "*"
python-versions = "*"
version = "0.5.6"

[[package]]
category = "main"
description = "Similar to namedtuple, but instances are mutable."
name = "namedlist"
optional = false
platform = "UNKNOWN"
python-versions = "*"
version = "1.7"

[[package]]
category = "dev"
description = "Node.js virtual environment builder"
name = "nodeenv"
optional = false
platform = "any"
python-versions = "*"
version = "1.3.2"

[[package]]
category = "dev"
description = "plugin and hook calling mechanisms for python"
name = "pluggy"
optional = false
platform = "unix"
python-versions = ">=2.7, !=3.0.*, !=3.1.*, !=3.2.*, !=3.3.*"
version = "0.7.1"

[[package]]
category = "dev"
description = "A framework for managing and maintaining multi-language pre-commit hooks."
name = "pre-commit"
optional = false
platform = "*"
python-versions = "*"
version = "1.10.4"

[package.dependencies]
"aspy.yaml" = "*"
cached-property = "*"
cfgv = ">=1.0.0"
identify = ">=1.0.0"
nodeenv = ">=0.11.1"
pyyaml = "*"
six = "*"
toml = "*"
virtualenv = "*"

[[package]]
category = "main"
description = "Promises/A+ implementation for Python"
name = "promise"
optional = false
platform = "*"
python-versions = "*"
version = "2.1"

[package.dependencies]
six = "*"
typing = "*"

[[package]]
category = "dev"
description = "library with cross-python path, ini-parsing, io, code, log facilities"
name = "py"
optional = false
platform = "unix"
python-versions = ">=2.7, !=3.0.*, !=3.1.*, !=3.2.*, !=3.3.*"
version = "1.5.4"

[[package]]
category = "main"
description = "Hamcrest framework for matcher objects"
name = "pyhamcrest"
optional = false
platform = "All"
python-versions = "*"
version = "1.9.0"

[package.dependencies]
setuptools = "*"
six = "*"

[[package]]
category = "dev"
description = "python code static checker"
name = "pylint"
optional = false
platform = "*"
python-versions = ">=3.4.*"
version = "2.1.0"

[package.dependencies]
astroid = ">=2.0.0"
isort = ">=4.2.5"
mccabe = "*"

[package.dependencies.colorama]
platform = "win32"
version = "*"

[[package]]
category = "dev"
description = "A Pylint plugin to help Pylint understand the Django web framework"
name = "pylint-django"
optional = false
platform = "*"
python-versions = "*"
version = "2.0"

[package.dependencies]
pylint = ">=2.0"
pylint-plugin-utils = ">=0.4"

[[package]]
category = "dev"
description = "Utilities and helpers for writing Pylint plugins"
name = "pylint-plugin-utils"
optional = false
platform = "*"
python-versions = "*"
version = "0.4"

[package.dependencies]
pylint = "*"

[[package]]
category = "dev"
description = "Quote consistency checker for PyLint.."
name = "pylint-quotes"
optional = false
platform = "*"
python-versions = ">=3.4"
version = "0.1.9"

[package.dependencies]
pylint = ">=1.7.6"

[[package]]
category = "dev"
description = "pytest: simple powerful testing with Python"
name = "pytest"
optional = false
platform = "unix"
python-versions = ">=2.7, !=3.0.*, !=3.1.*, !=3.2.*, !=3.3.*"
version = "3.7.1"

[package.dependencies]
atomicwrites = ">=1.0"
attrs = ">=17.4.0"
more-itertools = ">=4.0.0"
pluggy = ">=0.7"
py = ">=1.5.0"
setuptools = "*"
six = ">=1.10.0"

[package.dependencies.colorama]
platform = "win32"
version = "*"

[[package]]
category = "dev"
description = "Pytest support for asyncio."
name = "pytest-asyncio"
optional = false
platform = "*"
python-versions = ">= 3.5"
version = "0.9.0"

[package.dependencies]
pytest = ">=3.0.6"

[[package]]
category = "dev"
description = "Pytest plugin for measuring coverage."
name = "pytest-cov"
optional = false
platform = "*"
python-versions = "*"
version = "2.5.1"

[package.dependencies]
coverage = ">=3.7.1"
pytest = ">=2.6.0"

[[package]]
category = "dev"
description = "A Django plugin for pytest."
name = "pytest-django"
optional = false
platform = "*"
python-versions = ">=2.7, !=3.0.*, !=3.1.*, !=3.2.*, !=3.3.*"
version = "3.3.3"

[package.dependencies]
pytest = ">=3.6"

[[package]]
category = "dev"
description = "py.test plugin that allows you to add environment variables."
name = "pytest-env"
optional = false
platform = "UNKNOWN"
python-versions = "*"
version = "0.6.2"

[package.dependencies]
pytest = ">=2.6.0"

[[package]]
category = "dev"
description = "pytest plugin for adding to the PYTHONPATH from command line or configs."
name = "pytest-pythonpath"
optional = false
platform = "*"
python-versions = ">=2.6, <4"
version = "0.7.2"

[package.dependencies]
pytest = ">=2.5.2"

[[package]]
category = "main"
description = "World timezone definitions, modern and historical"
name = "pytz"
optional = false
platform = "Independent"
python-versions = "*"
version = "2018.5"

[[package]]
category = "dev"
description = "YAML parser and emitter for Python"
name = "pyyaml"
optional = false
platform = "Any"
python-versions = "*"
version = "3.13"

[[package]]
category = "main"
description = "Reactive Extensions (Rx) for Python"
name = "rx"
optional = false
platform = "*"
python-versions = "*"
version = "1.6.1"

[[package]]
category = "main"
description = "This library brings functools.singledispatch from Python 3.4 to Python 2.6-3.3."
name = "singledispatch"
optional = false
platform = "any"
python-versions = "*"
version = "3.4.0.3"

[package.dependencies]
six = "*"

[[package]]
category = "main"
description = "Python 2 and 3 compatibility utilities"
name = "six"
optional = false
platform = "*"
python-versions = "*"
version = "1.11.0"

[[package]]
category = "dev"
description = "Python Library for Tom's Obvious, Minimal Language"
name = "toml"
optional = false
platform = "*"
python-versions = "*"
version = "0.9.4"

[[package]]
category = "main"
description = "An asynchronous networking framework written in Python"
name = "twisted"
optional = false
platform = "*"
python-versions = "*"
version = "18.7.0"

[package.dependencies]
Automat = ">=0.3.0"
PyHamcrest = ">=1.9.0"
attrs = ">=17.4.0"
constantly = ">=15.1"
hyperlink = ">=17.1.1"
incremental = ">=16.10.1"
"zope.interface" = ">=4.4.2"

[[package]]
category = "main"
description = "Compatibility API between asyncio/Twisted/Trollius"
name = "txaio"
optional = false
platform = "Any"
python-versions = "*"
version = "18.7.1"

[package.dependencies]
six = "*"

[[package]]
category = "dev"
description = "a fork of Python 2 and 3 ast modules with type comment support"
name = "typed-ast"
optional = false
platform = "POSIX"
python-versions = "*"
version = "1.1.0"

[[package]]
category = "main"
description = "Type Hints for Python"
name = "typing"
optional = false
platform = "*"
python-versions = "*"
version = "3.6.4"

[[package]]
category = "dev"
description = "Virtual Python Environment builder"
name = "virtualenv"
optional = false
platform = "*"
python-versions = ">=2.7,!=3.0.*,!=3.1.*,!=3.2.*"
version = "16.0.0"

[[package]]
category = "dev"
description = "Module for decorators, wrappers and monkey patching."
name = "wrapt"
optional = false
platform = "*"
python-versions = "*"
version = "1.10.11"

[[package]]
category = "main"
description = "Interfaces for Python"
name = "zope.interface"
optional = false
platform = "*"
python-versions = ">=2.7, !=3.0.*, !=3.1.*, !=3.2.*, !=3.3.*"
version = "4.5.0"

[package.dependencies]
setuptools = "*"

[metadata]
content-hash = "3127831e910f0851edd2f737b828790dcd0b0eb29d2438e82c3555f0f736ac62"
platform = "*"
python-versions = "^3.7.0"

[metadata.hashes]
aioredis = ["9ffa0f9ea4076e5caedf55f095ea758f5137c7d1cd06cd9916081f4320fdaa4d", "d3adfc3295a91a97cab472751e26ff85949566a131cebb27a778e49aa0638c1a"]
aniso8601 = ["7849749cf00ae0680ad2bdfe4419c7a662bef19c03691a19e008c8b9a5267802", "94f90871fcd314a458a3d4eca1c84448efbd200e86f55fe4c733c7a40149ef50"]
appdirs = ["9e5896d1372858f8dd3344faf4e5014d21849c756c8d5701f78f8a103b372d92", "d8b24664561d0d34ddfaec54636d502d7cea6e29c3eaf68f3df6180863e2166e"]
asgiref = ["9b05dcd41a6a89ca8c6e7f7e4089c3f3e76b5af60aebb81ae6d455ad81989c97", "b21dc4c43d7aba5a844f4c48b8f49d56277bc34937fd9f9cb93ec97fde7e3082"]
"aspy.yaml" = ["04d26279513618f1024e1aba46471db870b3b33aef204c2d09bcf93bea9ba13f", "0a77e23fafe7b242068ffc0252cee130d3e509040908fc678d9d1060e7494baa"]
astroid = ["a48b57ede295c3188ef5c84273bc2a8eadc46e4cbb001eae0d49fb5d1fabbb19", "d066cdeec5faeb51a4be5010da612680653d844b57afd86a5c8315f2f801b4cc"]
async-timeout = ["474d4bc64cee20603e225eb1ece15e248962958b45a3648a9f5cc29e827a610c", "b3c0ddc416736619bd4a95ca31de8da6920c3b9a140c64dbef2b2fa7bf521287"]
atomicwrites = ["240831ea22da9ab882b551b31d4225591e5e447a68c5e188db5b89ca1d487585", "a24da68318b08ac9c9c45029f4a10371ab5b20e4226738e150e6e7c571630ae6"]
attrs = ["4b90b09eeeb9b88c35bc642cbac057e45a5fd85367b985bd2809c62b7b939265", "e0d0eb91441a3b53dab4d9b743eafc1ac44476296a2053b6ca3af0b139faf87b"]
autobahn = ["162229a824e26a1c6e76387106d4bd1355849713b38741dab65e279a439b8fce", "163dd329c2a29f4ef82f7fe85a6f6e654a2aa6837bd83834cf537e4efa9204be"]
automat = ["cbd78b83fa2d81fe2a4d23d258e1661dd7493c9a50ee2f1a5b2cac61c1793b0e", "fdccab66b68498af9ecfa1fa43693abe546014dd25cf28543cbe9d1334916a58"]
black = ["22158b89c1a6b4eb333a1e65e791a3f8b998cf3b11ae094adb2570f31f769a44", "4b475bbd528acce094c503a3d2dbc2d05a4075f6d0ef7d9e7514518e14cc5191"]
cached-property = ["630fdbf0f4ac7d371aa866016eba1c3ac43e9032246748d4994e67cb05f99bc4", "f1f9028757dc40b4cb0fd2234bd7b61a302d7b84c683cb8c2c529238a24b8938"]
cfgv = ["73f48a752bd7aab103c4b882d6596c6360b7aa63b34073dd2c35c7b4b8f93010", "d1791caa9ff5c0c7bce80e7ecc1921752a2eb7c2463a08ed9b6c96b85a2f75aa"]
channels = ["173441ccf2ac3a93c3b4f86135db301cbe95be58f5815c1e071f2e7154c192a2", "3c308108161596ddaa1b9e9f0ed9568a34ee4ebefaa33bc9cc4e941561363add"]
channels-redis = ["5c2bde69a205efd448fe012d09d320dbdeb4a37212c0999fc250ea9730a79905", "997630e71b8b4d9f9bd0f6ac2562c146b7ffea0e89c8d3347c0eccc1e4f7d155"]
click = ["29f99fc6125fbc931b758dc053b3114e55c77a6e4c6c3a2674a2dc986016381d", "f15516df478d5a56180fbf80e68f206010e6d160fc39fa508b65e035fd75130b"]
colorama = ["463f8483208e921368c9f306094eb6f725c6ca42b0f97e313cb5d5512459feda", "48eb22f4f8461b1df5734a074b57042430fb06e1d61bd1e11b078c0fe6d7a1f1"]
constantly = ["586372eb92059873e29eba4f9dec8381541b4d3834660707faf8ba59146dfc35", "dd2fa9d6b1a51a83f0d7dd76293d734046aa176e384bf6e33b7e44880eb37c5d"]
coverage = ["03481e81d558d30d230bc12999e3edffe392d244349a90f4ef9b88425fac74ba", "0b136648de27201056c1869a6c0d4e23f464750fd9a9ba9750b8336a244429ed", "104ab3934abaf5be871a583541e8829d6c19ce7bde2923b2751e0d3ca44db60a", "10a46017fef60e16694a30627319f38a2b9b52e90182dddb6e37dcdab0f4bf95", "15b111b6a0f46ee1a485414a52a7ad1d703bdf984e9ed3c288a4414d3871dcbd", "198626739a79b09fa0a2f06e083ffd12eb55449b5f8bfdbeed1df4910b2ca640", "1c383d2ef13ade2acc636556fd544dba6e14fa30755f26812f54300e401f98f2", "23d341cdd4a0371820eb2b0bd6b88f5003a7438bbedb33688cd33b8eae59affd", "28b2191e7283f4f3568962e373b47ef7f0392993bb6660d079c62bd50fe9d162", "2a5b73210bad5279ddb558d9a2bfedc7f4bf6ad7f3c988641d83c40293deaec1", "2eb564bbf7816a9d68dd3369a510be3327f1c618d2357fa6b1216994c2e3d508", "337ded681dd2ef9ca04ef5d93cfc87e52e09db2594c296b4a0a3662cb1b41249", "3a2184c6d797a125dca8367878d3b9a178b6fdd05fdc2d35d758c3006a1cd694", "3c79a6f7b95751cdebcd9037e4d06f8d5a9b60e4ed0cd231342aa8ad7124882a", "3d72c20bd105022d29b14a7d628462ebdc61de2f303322c0212a054352f3b287", "3eb42bf89a6be7deb64116dd1cc4b08171734d721e7a7e57ad64cc4ef29ed2f1", "4635a184d0bbe537aa185a34193898eee409332a8ccb27eea36f262566585000", "56e448f051a201c5ebbaa86a5efd0ca90d327204d8b059ab25ad0f35fbfd79f1", "5a13ea7911ff5e1796b6d5e4fbbf6952381a611209b736d48e675c2756f3f74e", "69bf008a06b76619d3c3f3b1983f5145c75a305a0fea513aca094cae5c40a8f5", "6bc583dc18d5979dc0f6cec26a8603129de0304d5ae1f17e57a12834e7235062", "701cd6093d63e6b8ad7009d8a92425428bc4d6e7ab8d75efbb665c806c1d79ba", "7608a3dd5d73cb06c531b8925e0ef8d3de31fed2544a7de6c63960a1e73ea4bc", "76ecd006d1d8f739430ec50cc872889af1f9c1b6b8f48e29941814b09b0fd3cc", "7aa36d2b844a3e4a4b356708d79fd2c260281a7390d678a10b91ca595ddc9e99", "7d3f553904b0c5c016d1dad058a7554c7ac4c91a789fca496e7d8347ad040653", "7e1fe19bd6dce69d9fd159d8e4a80a8f52101380d5d3a4d374b6d3eae0e5de9c", "8c3cb8c35ec4d9506979b4cf90ee9918bc2e49f84189d9bf5c36c0c1119c6558", "9d6dd10d49e01571bf6e147d3b505141ffc093a06756c60b053a859cb2128b1f", "9e112fcbe0148a6fa4f0a02e8d58e94470fc6cb82a5481618fea901699bf34c4", "ac4fef68da01116a5c117eba4dd46f2e06847a497de5ed1d64bb99a5fda1ef91", "b8815995e050764c8610dbc82641807d196927c3dbed207f0a079833ffcf588d", "be6cfcd8053d13f5f5eeb284aa8a814220c3da1b0078fa859011c7fffd86dab9", "c1bb572fab8208c400adaf06a8133ac0712179a334c09224fb11393e920abcdd", "de4418dadaa1c01d497e539210cb6baa015965526ff5afc078c57ca69160108d", "e05cb4d9aad6233d67e0541caa7e511fa4047ed7750ec2510d466e806e0255d6", "e4d96c07229f58cb686120f168276e434660e4358cc9cf3b0464210b04913e77", "f3f501f345f24383c0000395b26b726e46758b71393267aeae0bd36f8b3ade80", "f8a923a85cb099422ad5a2e345fe877bbc89a8a8b23235824a93488150e45f6e"]
daphne = ["bc49584532b2d52116f9a99af2d45d92092de93ccf2fc36a433eb7155d48b2a3", "da19b36605cc64d1e3a888a95ff90495dcbb75a25cfee173606a7d86112ebbca"]
django = ["7f246078d5a546f63c28fc03ce71f4d7a23677ce42109219c24c9ffb28416137", "ea50d85709708621d956187c6b61d9f9ce155007b496dd914fdb35db8d790aec"]
graphene = ["b8ec446d17fa68721636eaad3d6adc1a378cb6323e219814c8f98c9928fc9642", "faa26573b598b22ffd274e2fd7a4c52efa405dcca96e01a62239482246248aa3"]
graphene-django = ["6abc3ec4f1dcbd91faeb3ce772b428e431807b8ec474f9dae918cff74bf7f6b1", "b336eecbf03e6fa12a53288d22015c7035727ffaa8fdd89c93fd41d9b942dd91"]
graphql-core = ["889e869be5574d02af77baf1f30b5db9ca2959f1c9f5be7b2863ead5a3ec6181", "9462e22e32c7f03b667373ec0a84d95fba10e8ce2ead08f29fbddc63b671b0c1"]
graphql-relay = ["2716b7245d97091af21abf096fabafac576905096d21ba7118fba722596f65db"]
hiredis = ["ca958e13128e49674aa4a96f02746f5de5973f39b57297b84d59fd44d314d5b5"]
hyperlink = ["98da4218a56b448c7ec7d2655cb339af1f7d751cf541469bb4fc28c4a4245b34", "f01b4ff744f14bc5d0a22a6b9f1525ab7d6312cb0ff967f59414bbac52f0a306"]
identify = ["49845e70fc6b1ec3694ab930a2c558912d7de24548eebcd448f65567dc757c43", "68daab16a3db364fa204591f97dc40bfffd1a7739f27788a4895b4d8fd3516e5"]
idna = ["156a6814fb5ac1fc6850fb002e0852d56c0c8d2531923a51032d1b70760e186e", "684a38a6f903c1d71d6d5fac066b58d7768af4de2b832e426ec79c30daa94a16"]
incremental = ["717e12246dddf231a349175f48d74d93e2897244939173b01974ab6661406b9f", "7b751696aaf36eebfab537e458929e194460051ccad279c72b755a167eebd4b3"]
iso8601 = ["210e0134677cc0d02f6028087fee1df1e1d76d372ee1db0bf30bf66c5c1c89a3", "49c4b20e1f38aa5cf109ddcd39647ac419f928512c869dc01d5c7098eddede82", "bbbae5fb4a7abfe71d4688fd64bff70b91bbd74ef6a99d964bab18f7fdf286dd"]
isort = ["1153601da39a25b14ddc54955dbbacbb6b2d19135386699e2ad58517953b34af", "b9c40e9750f3d77e6e4d441d8b0266cf555e7cdabdcff33c4fd06366ca761ef8", "ec9ef8f4a9bc6f71eec99e1806bfa2de401650d996c59330782b89a5555c1497"]
lazy-object-proxy = ["0ce34342b419bd8f018e6666bfef729aec3edf62345a53b537a4dcc115746a33", "1b668120716eb7ee21d8a38815e5eb3bb8211117d9a90b0f8e21722c0758cc39", "209615b0fe4624d79e50220ce3310ca1a9445fd8e6d3572a896e7f9146bbf019", "27bf62cb2b1a2068d443ff7097ee33393f8483b570b475db8ebf7e1cba64f088", "27ea6fd1c02dcc78172a82fc37fcc0992a94e4cecf53cb6d73f11749825bd98b", "2c1b21b44ac9beb0fc848d3993924147ba45c4ebc24be19825e57aabbe74a99e", "2df72ab12046a3496a92476020a1a0abf78b2a7db9ff4dc2036b8dd980203ae6", "320ffd3de9699d3892048baee45ebfbbf9388a7d65d832d7e580243ade426d2b", "50e3b9a464d5d08cc5227413db0d1c4707b6172e4d4d915c1c70e4de0bbff1f5", "5276db7ff62bb7b52f77f1f51ed58850e315154249aceb42e7f4c611f0f847ff", "61a6cf00dcb1a7f0c773ed4acc509cb636af2d6337a08f362413c76b2b47a8dd", "6ae6c4cb59f199d8827c5a07546b2ab7e85d262acaccaacd49b62f53f7c456f7", "7661d401d60d8bf15bb5da39e4dd72f5d764c5aff5a86ef52a042506e3e970ff", "7bd527f36a605c914efca5d3d014170b2cb184723e423d26b1fb2fd9108e264d", "7cb54db3535c8686ea12e9535eb087d32421184eacc6939ef15ef50f83a5e7e2", "7f3a2d740291f7f2c111d86a1c4851b70fb000a6c8883a59660d95ad57b9df35", "81304b7d8e9c824d058087dcb89144842c8e0dea6d281c031f59f0acf66963d4", "933947e8b4fbe617a51528b09851685138b49d511af0b6c0da2539115d6d4514", "94223d7f060301b3a8c09c9b3bc3294b56b2188e7d8179c762a1cda72c979252", "ab3ca49afcb47058393b0122428358d2fbe0408cf99f1b58b295cfeb4ed39109", "bd6292f565ca46dee4e737ebcc20742e3b5be2b01556dafe169f6c65d088875f", "cb924aa3e4a3fb644d0c463cad5bc2572649a6a3f68a7f8e4fbe44aaa6d77e4c", "d0fc7a286feac9077ec52a927fc9fe8fe2fabab95426722be4c953c9a8bede92", "ddc34786490a6e4ec0a855d401034cbd1242ef186c20d79d2166d6a4bd449577", "e34b155e36fa9da7e1b7c738ed7767fc9491a62ec6af70fe9da4a057759edc2d", "e5b9e8f6bda48460b7b143c3821b21b452cb3a835e6bbd5dd33aa0c8d3f5137d", "e81ebf6c5ee9684be8f2c87563880f93eedd56dd2b6146d8a725b50b7e5adb0f", "eb91be369f945f10d3a49f5f9be8b3d0b93a4c2be8f8a5b83b0571b8123e0a7a", "f460d1ceb0e4a5dcb2a652db0904224f367c9b3c1470d5a7683c0480e582468b"]
mccabe = ["ab8a6258860da4b6677da4bd2fe5dc2c659cff31b3ee4f7f5d64e79735b80d42", "dd8d182285a0fe56bace7f45b5e7d1a6ebcbf524e8f3bd87eb0f125271b8831f"]
more-itertools = ["c187a73da93e7a8acc0001572aebc7e3c69daf7bf6881a2cea10650bd4420092", "c476b5d3a34e12d40130bc2f935028b5f636df8f372dc2c1c01dc19681b2039e", "fcbfeaea0be121980e15bc97b3817b5202ca73d0eae185b4550cbfce2a3ebb3d"]
msgpack = ["0b3b1773d2693c70598585a34ca2715873ba899565f0a7c9a1545baef7e7fbdc", "0bae5d1538c5c6a75642f75a1781f3ac2275d744a92af1a453c150da3446138b", "0ee8c8c85aa651be3aa0cd005b5931769eaa658c948ce79428766f1bd46ae2c3", "1369f9edba9500c7a6489b70fdfac773e925342f4531f1e3d4c20ac3173b1ae0", "22d9c929d1d539f37da3d1b0e16270fa9d46107beab8c0d4d2bddffffe895cee", "2ff43e3247a1e11d544017bb26f580a68306cec7a6257d8818893c1fda665f42", "31a98047355d34d047fcdb55b09cb19f633cf214c705a765bd745456c142130c", "8767eb0032732c3a0da92cbec5ac186ef89a3258c6edca09161472ca0206c45f", "8acc8910218555044e23826980b950e96685dc48124a290c86f6f41a296ea172", "ab189a6365be1860a5ecf8159c248f12d33f79ea799ae9695fa6a29896dcf1d4", "cfd6535feb0f1cf1c7cdb25773e965cc9f92928244a8c3ef6f8f8a8e1f7ae5c4", "e274cd4480d8c76ec467a85a9c6635bbf2258f0649040560382ab58cabb44bcf", "f86642d60dca13e93260187d56c2bef2487aa4d574a669e8ceefcf9f4c26fd00", "f8a57cbda46a94ed0db55b73e6ab0c15e78b4ede8690fa491a0e55128d552bb0", "fcea97a352416afcbccd7af9625159d80704a25c519c251c734527329bb20d0e"]
namedlist = ["190b39ceaf1d6b59999811259e61beb1b26aaa482fb8c95538294d551461c986"]
nodeenv = ["aa040ab5189bae17d272175609010be6c5b589ec4b8dbd832cc50c9e9cb7496f"]
pluggy = ["6e3836e39f4d36ae72840833db137f7b7d35105079aee6ec4a62d9f80d594dd1", "95eb8364a4708392bae89035f45341871286a333f749c3141c20573d2b3876e1"]
pre-commit = ["99cb6313a8ea7d88871aa2875a12d3c3a7636edf8ce4634b056328966682c8ce", "c71e6cf84e812226f8dadbe346b5e6d6728fa65a364bbfe7624b219a18950540"]
promise = ["0bca4ed933e3d50e3d18fb54fc1432fa84b0564838cd093e824abcd718ab9304", "95506bac89df7a495e0b8c813fd782dd1ae590decb52f95248e316c6659ca49b"]
py = ["3fd59af7435864e1a243790d322d763925431213b6b8529c6ca71081ace3bbf7", "e31fb2767eb657cbde86c454f02e99cb846d3cd9d61b318525140214fdc0e98e"]
pyhamcrest = ["6b672c02fdf7470df9674ab82263841ce8333fb143f32f021f6cb26f0e512420", "7a4bdade0ed98c699d728191a058a60a44d2f9c213c51e2dd1e6fb42f2c6128a", "8ffaa0a53da57e89de14ced7185ac746227a8894dbd5a3c718bf05ddbd1d56cd", "bac0bea7358666ce52e3c6c85139632ed89f115e9af52d44b3c36e0bf8cf16a9", "f30e9a310bcc1808de817a92e95169ffd16b60cbc5a016a49c8d0e8ababfae79"]
pylint = ["0edfec21270725c5aa8e8d8d06ef5666f766e0e748ed2f1ab23624727303b935", "4cadcaa4f1fb19123d4baa758d9fbe6286c5b3aa513af6ea42a2d51d405db205"]
pylint-django = ["5c5a20c443b4e70fdc8c47e42cff8ce79c953954e918f8e559f6e1d05a971585", "70f2b5397aa2468373fcf87d64a700b359050e905e56e2dbaf954e6edb04c593"]
pylint-plugin-utils = ["8ad25a82bcce390d1d6b7c006c123e0cb18051839c9df7b8bdb7823c53fe676e"]
pylint-quotes = ["84906e2c86035fbfe5ffa198c50d5136b8e319e59ecd0a1a01a9507fffc78540", "f319b6a8692e799363a986504836dad09178cbfcd3bf03b33562693b39e27226"]
pytest = ["86a8dbf407e437351cef4dba46736e9c5a6e3c3ac71b2e942209748e76ff2086", "e74466e97ac14582a8188ff4c53e6cc3810315f342f6096899332ae864c1d432"]
pytest-asyncio = ["a962e8e1b6ec28648c8fe214edab4e16bacdb37b52df26eb9d63050af309b2a9", "fbd92c067c16111174a1286bfb253660f1e564e5146b39eeed1133315cf2c2cf"]
pytest-cov = ["03aa752cf11db41d281ea1d807d954c4eda35cfa1b21d6971966cc041bbf6e2d", "890fe5565400902b0c78b5357004aab1c814115894f4f21370e2433256a3eeec"]
pytest-django = ["434abfd2afe61b69a58af41e7339617f3aa33dc9a05e3b77fa5955204a61b865", "a73e355138675db8f535777ddf34bde28580b688be17dc21d0efa65e5c16927c"]
pytest-env = ["7e94956aef7f2764f3c147d216ce066bf6c42948bb9e293169b1b1c880a580c2"]
pytest-pythonpath = ["f3d46b0a8276e856f7dc4f70ca97b88be6fbcf52d57ce36e35057d502388265e"]
pytz = ["a061aa0a9e06881eb8b3b2b43f05b9439d6583c206d0a6c340ff72a7b6669053", "ffb9ef1de172603304d9d2819af6f5ece76f2e85ec10692a524dd876e72bf277"]
pyyaml = ["3d7da3009c0f3e783b2c873687652d83b1bbfd5c88e9813fb7e5b03c0dd3108b", "3ef3092145e9b70e3ddd2c7ad59bdd0252a94dfe3949721633e41344de00a6bf", "40c71b8e076d0550b2e6380bada1f1cd1017b882f7e16f09a65be98e017f211a", "558dd60b890ba8fd982e05941927a3911dc409a63dcb8b634feaa0cda69330d3", "a7c28b45d9f99102fa092bb213aa12e0aaf9a6a1f5e395d36166639c1f96c3a1", "aa7dd4a6a427aed7df6fb7f08a580d68d9b118d90310374716ae90b710280af1", "bc558586e6045763782014934bfaf39d48b8ae85a2713117d16c39864085c613", "d46d7982b62e0729ad0175a9bc7e10a566fc07b224d2c79fafb5e032727eaa04", "d5eef459e30b09f5a098b9cea68bebfeb268697f78d647bd255a085371ac7f3f", "e01d3203230e1786cd91ccfdc8f8454c8069c91bee3962ad93b87a4b2860f537", "e170a9e6fcfd19021dd29845af83bb79236068bf5fd4df3327c1be18182b2531"]
rx = ["13a1d8d9e252625c173dc795471e614eadfe1cf40ffc684e08b8fff0d9748c23", "7357592bc7e881a95e0c2013b73326f704953301ab551fbc8133a6fadab84105"]
singledispatch = ["5b06af87df13818d14f08a028e42f566640aef80805c3b50c5056b086e3c2b9c", "833b46966687b3de7f438c761ac475213e53b306740f1abfaa86e1d1aae56aa8"]
six = ["70e8a77beed4562e7f14fe23a786b54f6296e34344c23bc42f07b15018ff98e9", "832dc0e10feb1aa2c68dcc57dbb658f1c7e65b9b61af69048abc87a2db00a0eb"]
toml = ["8e86bd6ce8cc11b9620cb637466453d94f5d57ad86f17e98a98d1f73e3baab2d"]
twisted = ["5de7b79b26aee64efe63319bb8f037af88c21287d1502b39706c818065b3d5a4", "95ae985716e8107816d8d0df249d558dbaabb677987cc2ace45272c166b267e4"]
txaio = ["14bdd7b26c12bf1b213e4f85bf7e4d5a2e920692313f2fb19f0f9ab5b143026f", "701de939e90bb80f7e085357081552437526752199def5541dddfc34c0b0593f"]
typed-ast = ["0948004fa228ae071054f5208840a1e88747a357ec1101c17217bfe99b299d58", "10703d3cec8dcd9eef5a630a04056bbc898abc19bac5691612acba7d1325b66d", "1f6c4bd0bdc0f14246fd41262df7dfc018d65bb05f6e16390b7ea26ca454a291", "25d8feefe27eb0303b73545416b13d108c6067b846b543738a25ff304824ed9a", "29464a177d56e4e055b5f7b629935af7f49c196be47528cc94e0a7bf83fbc2b9", "2e214b72168ea0275efd6c884b114ab42e316de3ffa125b267e732ed2abda892", "3e0d5e48e3a23e9a4d1a9f698e32a542a4a288c871d33ed8df1b092a40f3a0f9", "519425deca5c2b2bdac49f77b2c5625781abbaf9a809d727d3a5596b30bb4ded", "57fe287f0cdd9ceaf69e7b71a2e94a24b5d268b35df251a88fef5cc241bf73aa", "668d0cec391d9aed1c6a388b0d5b97cd22e6073eaa5fbaa6d2946603b4871efe", "68ba70684990f59497680ff90d18e756a47bf4863c604098f10de9716b2c0bdd", "6de012d2b166fe7a4cdf505eee3aaa12192f7ba365beeefaca4ec10e31241a85", "79b91ebe5a28d349b6d0d323023350133e927b4de5b651a8aa2db69c761420c6", "8550177fa5d4c1f09b5e5f524411c44633c80ec69b24e0e98906dd761941ca46", "898f818399cafcdb93cbbe15fc83a33d05f18e29fb498ddc09b0214cdfc7cd51", "94b091dc0f19291adcb279a108f5d38de2430411068b219f41b343c03b28fb1f", "a26863198902cda15ab4503991e8cf1ca874219e0118cbf07c126bce7c4db129", "a8034021801bc0440f2e027c354b4eafd95891b573e12ff0418dec385c76785c", "bc978ac17468fe868ee589c795d06777f75496b1ed576d308002c8a5756fb9ea", "c05b41bc1deade9f90ddc5d988fe506208019ebba9f2578c622516fd201f5863", "c9b060bd1e5a26ab6e8267fd46fc9e02b54eb15fffb16d112d4c7b1c12987559", "edb04bdd45bfd76c8292c4d9654568efaedf76fe78eb246dde69bdb13b2dad87", "f19f2a4f547505fe9072e15f6f4ae714af51b5a681a97f187971f50c283193b6"]
typing = ["3a887b021a77b292e151afb75323dea88a7bc1b3dfa92176cff8e44c8b68bddf", "b2c689d54e1144bbcfd191b0832980a21c2dbcf7b5ff7a66248a60c90e951eb8", "d400a9344254803a2368533e4533a4200d21eb7b6b729c173bc38201a74db3f2"]
virtualenv = ["2ce32cd126117ce2c539f0134eb89de91a8413a29baac49cbab3eb50e2026669", "ca07b4c0b54e14a91af9f34d0919790b016923d157afda5efdde55c96718f752"]
wrapt = ["d4d560d479f2c21e1b5443bbd15fe7ec4b37fe7e53d335d3b9b0a7b1226fe3c6"]
"zope.interface" = ["21506674d30c009271fe68a242d330c83b1b9d76d62d03d87e1e9528c61beea6", "3d184aff0756c44fff7de69eb4cd5b5311b6f452d4de28cb08343b3f21993763", "467d364b24cb398f76ad5e90398d71b9325eb4232be9e8a50d6a3b3c7a1c8789", "57c38470d9f57e37afb460c399eb254e7193ac7fb8042bd09bdc001981a9c74c", "9ada83f4384bbb12dedc152bcdd46a3ac9f5f7720d43ac3ce3e8e8b91d733c10", "a1daf9c5120f3cc6f2b5fef8e1d2a3fb7bbbb20ed4bfdc25bc8364bc62dcf54b", "e6b77ae84f2b8502d99a7855fa33334a1eb6159de45626905cb3e454c023f339", "e881ef610ff48aece2f4ee2af03d2db1a146dc7c705561bd6089b2356f61641f", "f41037260deaacb875db250021fe883bf536bf6414a4fd25b25059b02e31b120"]
